// !$*UTF8*$!
{
	archiveVersion = 1;
	classes = {
	};
	objectVersion = 51;
	objects = {

/* Begin PBXBuildFile section */
		7DB9E4CC21CC27B70097E1E4 /* ViewController.swift in Sources */ = {isa = PBXBuildFile; fileRef = 7DB9E4AC21CC27B70097E1E4 /* ViewController.swift */; };
		7DB9E4CD21CC27B70097E1E4 /* SwiftData.swift in Sources */ = {isa = PBXBuildFile; fileRef = 7DB9E4AD21CC27B70097E1E4 /* SwiftData.swift */; };
		7DB9E4CE21CC27B70097E1E4 /* MainTableViewController.swift in Sources */ = {isa = PBXBuildFile; fileRef = 7DB9E4AE21CC27B70097E1E4 /* MainTableViewController.swift */; };
		7DB9E4CF21CC27B70097E1E4 /* StudentTableViewController.swift in Sources */ = {isa = PBXBuildFile; fileRef = 7DB9E4AF21CC27B70097E1E4 /* StudentTableViewController.swift */; };
		7DB9E4D021CC27B70097E1E4 /* Assets.xcassets in Resources */ = {isa = PBXBuildFile; fileRef = 7DB9E4B021CC27B70097E1E4 /* Assets.xcassets */; };
		7DB9E4D121CC27B70097E1E4 /* AddClassroomTableViewController.swift in Sources */ = {isa = PBXBuildFile; fileRef = 7DB9E4B121CC27B70097E1E4 /* AddClassroomTableViewController.swift */; };
		7DB9E4D221CC27B70097E1E4 /* AddStudentTableViewController.swift in Sources */ = {isa = PBXBuildFile; fileRef = 7DB9E4B221CC27B70097E1E4 /* AddStudentTableViewController.swift */; };
		7DB9E4D321CC27B70097E1E4 /* CoursesTableViewCell.swift in Sources */ = {isa = PBXBuildFile; fileRef = 7DB9E4B321CC27B70097E1E4 /* CoursesTableViewCell.swift */; };
		7DB9E4D421CC27B70097E1E4 /* GoogleService-Info.plist in Resources */ = {isa = PBXBuildFile; fileRef = 7DB9E4B421CC27B70097E1E4 /* GoogleService-Info.plist */; };
		7DB9E4D521CC27B70097E1E4 /* LaunchScreen.storyboard in Resources */ = {isa = PBXBuildFile; fileRef = 7DB9E4B521CC27B70097E1E4 /* LaunchScreen.storyboard */; };
		7DB9E4D621CC27B70097E1E4 /* Main.storyboard in Resources */ = {isa = PBXBuildFile; fileRef = 7DB9E4B721CC27B70097E1E4 /* Main.storyboard */; };
		7DB9E4D721CC27B70097E1E4 /* StudentTableViewCell.swift in Sources */ = {isa = PBXBuildFile; fileRef = 7DB9E4B921CC27B70097E1E4 /* StudentTableViewCell.swift */; };
		7DB9E4D821CC27B70097E1E4 /* AddDetailsTableViewController.swift in Sources */ = {isa = PBXBuildFile; fileRef = 7DB9E4BA21CC27B70097E1E4 /* AddDetailsTableViewController.swift */; };
		7DB9E4D921CC27B70097E1E4 /* AttendancesTableViewCell.swift in Sources */ = {isa = PBXBuildFile; fileRef = 7DB9E4BB21CC27B70097E1E4 /* AttendancesTableViewCell.swift */; };
		7DB9E4DA21CC27B70097E1E4 /* AppDelegate.swift in Sources */ = {isa = PBXBuildFile; fileRef = 7DB9E4BC21CC27B70097E1E4 /* AppDelegate.swift */; };
		7DB9E4DB21CC27B70097E1E4 /* teacher.swift in Sources */ = {isa = PBXBuildFile; fileRef = 7DB9E4BE21CC27B70097E1E4 /* teacher.swift */; };
		7DB9E4DC21CC27B70097E1E4 /* studentList.swift in Sources */ = {isa = PBXBuildFile; fileRef = 7DB9E4BF21CC27B70097E1E4 /* studentList.swift */; };
		7DB9E4DD21CC27B70097E1E4 /* AttendenceHistory.swift in Sources */ = {isa = PBXBuildFile; fileRef = 7DB9E4C021CC27B70097E1E4 /* AttendenceHistory.swift */; };
		7DB9E4DE21CC27B70097E1E4 /* class.swift in Sources */ = {isa = PBXBuildFile; fileRef = 7DB9E4C121CC27B70097E1E4 /* class.swift */; };
		7DB9E4DF21CC27B70097E1E4 /* teacher.swift in Sources */ = {isa = PBXBuildFile; fileRef = 7DB9E4C321CC27B70097E1E4 /* teacher.swift */; };
		7DB9E4E021CC27B70097E1E4 /* studentList.swift in Sources */ = {isa = PBXBuildFile; fileRef = 7DB9E4C421CC27B70097E1E4 /* studentList.swift */; };
		7DB9E4E121CC27B70097E1E4 /* AttendenceHistory.swift in Sources */ = {isa = PBXBuildFile; fileRef = 7DB9E4C521CC27B70097E1E4 /* AttendenceHistory.swift */; };
		7DB9E4E221CC27B70097E1E4 /* class.swift in Sources */ = {isa = PBXBuildFile; fileRef = 7DB9E4C621CC27B70097E1E4 /* class.swift */; };
		7DB9E4E321CC27B70097E1E4 /* student.swift in Sources */ = {isa = PBXBuildFile; fileRef = 7DB9E4C721CC27B70097E1E4 /* student.swift */; };
		7DB9E4E421CC27B70097E1E4 /* student.swift in Sources */ = {isa = PBXBuildFile; fileRef = 7DB9E4C821CC27B70097E1E4 /* student.swift */; };
		7DB9E4E521CC27B70097E1E4 /* AttendenceHistoryTableViewController.swift in Sources */ = {isa = PBXBuildFile; fileRef = 7DB9E4C921CC27B70097E1E4 /* AttendenceHistoryTableViewController.swift */; };
		7DB9E4E621CC27B70097E1E4 /* Info.plist in Resources */ = {isa = PBXBuildFile; fileRef = 7DB9E4CA21CC27B70097E1E4 /* Info.plist */; };
		7DB9E4E721CC27B70097E1E4 /* StudentsDetailTableViewController.swift in Sources */ = {isa = PBXBuildFile; fileRef = 7DB9E4CB21CC27B70097E1E4 /* StudentsDetailTableViewController.swift */; };
/* End PBXBuildFile section */

/* Begin PBXContainerItemProxy section */
		54CD7B7821AC5DD200C28C6F /* PBXContainerItemProxy */ = {
			isa = PBXContainerItemProxy;
			containerPortal = 54CD7B5B21AC5DD100C28C6F /* Project object */;
			proxyType = 1;
			remoteGlobalIDString = 54CD7B6221AC5DD100C28C6F;
			remoteInfo = Group2_Piotr_Szczepaniec;
		};
		54CD7B8321AC5DD200C28C6F /* PBXContainerItemProxy */ = {
			isa = PBXContainerItemProxy;
			containerPortal = 54CD7B5B21AC5DD100C28C6F /* Project object */;
			proxyType = 1;
			remoteGlobalIDString = 54CD7B6221AC5DD100C28C6F;
			remoteInfo = Group2_Piotr_Szczepaniec;
		};
/* End PBXContainerItemProxy section */

/* Begin PBXFileReference section */
		54CD7B6321AC5DD100C28C6F /* CilentSideAttendence.app */ = {isa = PBXFileReference; explicitFileType = wrapper.application; includeInIndex = 0; path = CilentSideAttendence.app; sourceTree = BUILT_PRODUCTS_DIR; };
		54CD7B7721AC5DD200C28C6F /* CilentSideAttendenceTests.xctest */ = {isa = PBXFileReference; explicitFileType = wrapper.cfbundle; includeInIndex = 0; path = CilentSideAttendenceTests.xctest; sourceTree = BUILT_PRODUCTS_DIR; };
		54CD7B8221AC5DD200C28C6F /* CilentSideAttendenceUITests.xctest */ = {isa = PBXFileReference; explicitFileType = wrapper.cfbundle; includeInIndex = 0; path = CilentSideAttendenceUITests.xctest; sourceTree = BUILT_PRODUCTS_DIR; };
		7DB9E4AC21CC27B70097E1E4 /* ViewController.swift */ = {isa = PBXFileReference; fileEncoding = 4; lastKnownFileType = sourcecode.swift; path = ViewController.swift; sourceTree = "<group>"; };
		7DB9E4AD21CC27B70097E1E4 /* SwiftData.swift */ = {isa = PBXFileReference; fileEncoding = 4; lastKnownFileType = sourcecode.swift; path = SwiftData.swift; sourceTree = "<group>"; };
		7DB9E4AE21CC27B70097E1E4 /* MainTableViewController.swift */ = {isa = PBXFileReference; fileEncoding = 4; lastKnownFileType = sourcecode.swift; path = MainTableViewController.swift; sourceTree = "<group>"; };
		7DB9E4AF21CC27B70097E1E4 /* StudentTableViewController.swift */ = {isa = PBXFileReference; fileEncoding = 4; lastKnownFileType = sourcecode.swift; path = StudentTableViewController.swift; sourceTree = "<group>"; };
		7DB9E4B021CC27B70097E1E4 /* Assets.xcassets */ = {isa = PBXFileReference; lastKnownFileType = folder.assetcatalog; path = Assets.xcassets; sourceTree = "<group>"; };
		7DB9E4B121CC27B70097E1E4 /* AddClassroomTableViewController.swift */ = {isa = PBXFileReference; fileEncoding = 4; lastKnownFileType = sourcecode.swift; path = AddClassroomTableViewController.swift; sourceTree = "<group>"; };
		7DB9E4B221CC27B70097E1E4 /* AddStudentTableViewController.swift */ = {isa = PBXFileReference; fileEncoding = 4; lastKnownFileType = sourcecode.swift; path = AddStudentTableViewController.swift; sourceTree = "<group>"; };
		7DB9E4B321CC27B70097E1E4 /* CoursesTableViewCell.swift */ = {isa = PBXFileReference; fileEncoding = 4; lastKnownFileType = sourcecode.swift; path = CoursesTableViewCell.swift; sourceTree = "<group>"; };
		7DB9E4B421CC27B70097E1E4 /* GoogleService-Info.plist */ = {isa = PBXFileReference; fileEncoding = 4; lastKnownFileType = text.plist.xml; path = "GoogleService-Info.plist"; sourceTree = "<group>"; };
		7DB9E4B621CC27B70097E1E4 /* Base */ = {isa = PBXFileReference; lastKnownFileType = file.storyboard; name = Base; path = Base.lproj/LaunchScreen.storyboard; sourceTree = "<group>"; };
		7DB9E4B821CC27B70097E1E4 /* Base */ = {isa = PBXFileReference; lastKnownFileType = file.storyboard; name = Base; path = Base.lproj/Main.storyboard; sourceTree = "<group>"; };
		7DB9E4B921CC27B70097E1E4 /* StudentTableViewCell.swift */ = {isa = PBXFileReference; fileEncoding = 4; lastKnownFileType = sourcecode.swift; path = StudentTableViewCell.swift; sourceTree = "<group>"; };
		7DB9E4BA21CC27B70097E1E4 /* AddDetailsTableViewController.swift */ = {isa = PBXFileReference; fileEncoding = 4; lastKnownFileType = sourcecode.swift; path = AddDetailsTableViewController.swift; sourceTree = "<group>"; };
		7DB9E4BB21CC27B70097E1E4 /* AttendancesTableViewCell.swift */ = {isa = PBXFileReference; fileEncoding = 4; lastKnownFileType = sourcecode.swift; path = AttendancesTableViewCell.swift; sourceTree = "<group>"; };
		7DB9E4BC21CC27B70097E1E4 /* AppDelegate.swift */ = {isa = PBXFileReference; fileEncoding = 4; lastKnownFileType = sourcecode.swift; path = AppDelegate.swift; sourceTree = "<group>"; };
		7DB9E4BE21CC27B70097E1E4 /* teacher.swift */ = {isa = PBXFileReference; fileEncoding = 4; lastKnownFileType = sourcecode.swift; path = teacher.swift; sourceTree = "<group>"; };
		7DB9E4BF21CC27B70097E1E4 /* studentList.swift */ = {isa = PBXFileReference; fileEncoding = 4; lastKnownFileType = sourcecode.swift; path = studentList.swift; sourceTree = "<group>"; };
		7DB9E4C021CC27B70097E1E4 /* AttendenceHistory.swift */ = {isa = PBXFileReference; fileEncoding = 4; lastKnownFileType = sourcecode.swift; path = AttendenceHistory.swift; sourceTree = "<group>"; };
		7DB9E4C121CC27B70097E1E4 /* class.swift */ = {isa = PBXFileReference; fileEncoding = 4; lastKnownFileType = sourcecode.swift; path = class.swift; sourceTree = "<group>"; };
		7DB9E4C321CC27B70097E1E4 /* teacher.swift */ = {isa = PBXFileReference; fileEncoding = 4; lastKnownFileType = sourcecode.swift; path = teacher.swift; sourceTree = "<group>"; };
		7DB9E4C421CC27B70097E1E4 /* studentList.swift */ = {isa = PBXFileReference; fileEncoding = 4; lastKnownFileType = sourcecode.swift; path = studentList.swift; sourceTree = "<group>"; };
		7DB9E4C521CC27B70097E1E4 /* AttendenceHistory.swift */ = {isa = PBXFileReference; fileEncoding = 4; lastKnownFileType = sourcecode.swift; path = AttendenceHistory.swift; sourceTree = "<group>"; };
		7DB9E4C621CC27B70097E1E4 /* class.swift */ = {isa = PBXFileReference; fileEncoding = 4; lastKnownFileType = sourcecode.swift; path = class.swift; sourceTree = "<group>"; };
		7DB9E4C721CC27B70097E1E4 /* student.swift */ = {isa = PBXFileReference; fileEncoding = 4; lastKnownFileType = sourcecode.swift; path = student.swift; sourceTree = "<group>"; };
		7DB9E4C821CC27B70097E1E4 /* student.swift */ = {isa = PBXFileReference; fileEncoding = 4; lastKnownFileType = sourcecode.swift; path = student.swift; sourceTree = "<group>"; };
		7DB9E4C921CC27B70097E1E4 /* AttendenceHistoryTableViewController.swift */ = {isa = PBXFileReference; fileEncoding = 4; lastKnownFileType = sourcecode.swift; path = AttendenceHistoryTableViewController.swift; sourceTree = "<group>"; };
		7DB9E4CA21CC27B70097E1E4 /* Info.plist */ = {isa = PBXFileReference; fileEncoding = 4; lastKnownFileType = text.plist.xml; path = Info.plist; sourceTree = "<group>"; };
		7DB9E4CB21CC27B70097E1E4 /* StudentsDetailTableViewController.swift */ = {isa = PBXFileReference; fileEncoding = 4; lastKnownFileType = sourcecode.swift; path = StudentsDetailTableViewController.swift; sourceTree = "<group>"; };
/* End PBXFileReference section */

/* Begin PBXFrameworksBuildPhase section */
		54CD7B6021AC5DD100C28C6F /* Frameworks */ = {
			isa = PBXFrameworksBuildPhase;
			buildActionMask = 2147483647;
			files = (
			);
			runOnlyForDeploymentPostprocessing = 0;
		};
		54CD7B7421AC5DD200C28C6F /* Frameworks */ = {
			isa = PBXFrameworksBuildPhase;
			buildActionMask = 2147483647;
			files = (
			);
			runOnlyForDeploymentPostprocessing = 0;
		};
		54CD7B7F21AC5DD200C28C6F /* Frameworks */ = {
			isa = PBXFrameworksBuildPhase;
			buildActionMask = 2147483647;
			files = (
			);
			runOnlyForDeploymentPostprocessing = 0;
		};
/* End PBXFrameworksBuildPhase section */

/* Begin PBXGroup section */
		54CD7B5A21AC5DD100C28C6F = {
			isa = PBXGroup;
			children = (
				7DB9E4AB21CC27B70097E1E4 /* ClientSideAttendence */,
				54CD7B6421AC5DD100C28C6F /* Products */,
				8FED321940110B7E222ED1F8 /* Pods */,
			);
			sourceTree = "<group>";
		};
		54CD7B6421AC5DD100C28C6F /* Products */ = {
			isa = PBXGroup;
			children = (
				54CD7B6321AC5DD100C28C6F /* CilentSideAttendence.app */,
				54CD7B7721AC5DD200C28C6F /* CilentSideAttendenceTests.xctest */,
				54CD7B8221AC5DD200C28C6F /* CilentSideAttendenceUITests.xctest */,
			);
			name = Products;
			sourceTree = "<group>";
		};
		7DB9E4AB21CC27B70097E1E4 /* ClientSideAttendence */ = {
			isa = PBXGroup;
			children = (
				7DB9E4AC21CC27B70097E1E4 /* ViewController.swift */,
				7DB9E4AD21CC27B70097E1E4 /* SwiftData.swift */,
				7DB9E4AE21CC27B70097E1E4 /* MainTableViewController.swift */,
				7DB9E4AF21CC27B70097E1E4 /* StudentTableViewController.swift */,
				7DB9E4B021CC27B70097E1E4 /* Assets.xcassets */,
				7DB9E4B121CC27B70097E1E4 /* AddClassroomTableViewController.swift */,
				7DB9E4B221CC27B70097E1E4 /* AddStudentTableViewController.swift */,
				7DB9E4B321CC27B70097E1E4 /* CoursesTableViewCell.swift */,
				7DB9E4B421CC27B70097E1E4 /* GoogleService-Info.plist */,
				7DB9E4B521CC27B70097E1E4 /* LaunchScreen.storyboard */,
				7DB9E4B721CC27B70097E1E4 /* Main.storyboard */,
				7DB9E4B921CC27B70097E1E4 /* StudentTableViewCell.swift */,
				7DB9E4BA21CC27B70097E1E4 /* AddDetailsTableViewController.swift */,
				7DB9E4BB21CC27B70097E1E4 /* AttendancesTableViewCell.swift */,
				7DB9E4BC21CC27B70097E1E4 /* AppDelegate.swift */,
				7DB9E4BD21CC27B70097E1E4 /* dataModel */,
				7DB9E4C921CC27B70097E1E4 /* AttendenceHistoryTableViewController.swift */,
				7DB9E4CA21CC27B70097E1E4 /* Info.plist */,
				7DB9E4CB21CC27B70097E1E4 /* StudentsDetailTableViewController.swift */,
			);
			path = ClientSideAttendence;
			sourceTree = "<group>";
		};
		7DB9E4BD21CC27B70097E1E4 /* dataModel */ = {
			isa = PBXGroup;
			children = (
				7DB9E4BE21CC27B70097E1E4 /* teacher.swift */,
				7DB9E4BF21CC27B70097E1E4 /* studentList.swift */,
				7DB9E4C021CC27B70097E1E4 /* AttendenceHistory.swift */,
				7DB9E4C121CC27B70097E1E4 /* class.swift */,
				7DB9E4C221CC27B70097E1E4 /* dataModel */,
				7DB9E4C821CC27B70097E1E4 /* student.swift */,
			);
			path = dataModel;
			sourceTree = "<group>";
		};
		7DB9E4C221CC27B70097E1E4 /* dataModel */ = {
			isa = PBXGroup;
			children = (
				7DB9E4C321CC27B70097E1E4 /* teacher.swift */,
				7DB9E4C421CC27B70097E1E4 /* studentList.swift */,
				7DB9E4C521CC27B70097E1E4 /* AttendenceHistory.swift */,
				7DB9E4C621CC27B70097E1E4 /* class.swift */,
				7DB9E4C721CC27B70097E1E4 /* student.swift */,
			);
			path = dataModel;
			sourceTree = "<group>";
		};
		8FED321940110B7E222ED1F8 /* Pods */ = {
			isa = PBXGroup;
			children = (
			);
			path = Pods;
			sourceTree = "<group>";
		};
/* End PBXGroup section */

/* Begin PBXNativeTarget section */
		54CD7B6221AC5DD100C28C6F /* CilentSideAttendence */ = {
			isa = PBXNativeTarget;
			buildConfigurationList = 54CD7B8B21AC5DD200C28C6F /* Build configuration list for PBXNativeTarget "CilentSideAttendence" */;
			buildPhases = (
				54CD7B5F21AC5DD100C28C6F /* Sources */,
				54CD7B6021AC5DD100C28C6F /* Frameworks */,
				54CD7B6121AC5DD100C28C6F /* Resources */,
			);
			buildRules = (
			);
			dependencies = (
			);
			name = CilentSideAttendence;
			productName = Group2_Piotr_Szczepaniec;
			productReference = 54CD7B6321AC5DD100C28C6F /* CilentSideAttendence.app */;
			productType = "com.apple.product-type.application";
		};
		54CD7B7621AC5DD200C28C6F /* CilentSideAttendenceTests */ = {
			isa = PBXNativeTarget;
			buildConfigurationList = 54CD7B8E21AC5DD200C28C6F /* Build configuration list for PBXNativeTarget "CilentSideAttendenceTests" */;
			buildPhases = (
				54CD7B7321AC5DD200C28C6F /* Sources */,
				54CD7B7421AC5DD200C28C6F /* Frameworks */,
				54CD7B7521AC5DD200C28C6F /* Resources */,
			);
			buildRules = (
			);
			dependencies = (
				54CD7B7921AC5DD200C28C6F /* PBXTargetDependency */,
			);
			name = CilentSideAttendenceTests;
			productName = Group2_Piotr_SzczepaniecTests;
			productReference = 54CD7B7721AC5DD200C28C6F /* CilentSideAttendenceTests.xctest */;
			productType = "com.apple.product-type.bundle.unit-test";
		};
		54CD7B8121AC5DD200C28C6F /* CilentSideAttendenceUITests */ = {
			isa = PBXNativeTarget;
			buildConfigurationList = 54CD7B9121AC5DD200C28C6F /* Build configuration list for PBXNativeTarget "CilentSideAttendenceUITests" */;
			buildPhases = (
				54CD7B7E21AC5DD200C28C6F /* Sources */,
				54CD7B7F21AC5DD200C28C6F /* Frameworks */,
				54CD7B8021AC5DD200C28C6F /* Resources */,
			);
			buildRules = (
			);
			dependencies = (
				54CD7B8421AC5DD200C28C6F /* PBXTargetDependency */,
			);
			name = CilentSideAttendenceUITests;
			productName = Group2_Piotr_SzczepaniecUITests;
			productReference = 54CD7B8221AC5DD200C28C6F /* CilentSideAttendenceUITests.xctest */;
			productType = "com.apple.product-type.bundle.ui-testing";
		};
/* End PBXNativeTarget section */

/* Begin PBXProject section */
		54CD7B5B21AC5DD100C28C6F /* Project object */ = {
			isa = PBXProject;
			attributes = {
				LastSwiftUpdateCheck = 1000;
				LastUpgradeCheck = 1000;
				ORGANIZATIONNAME = ZiangQiu;
				TargetAttributes = {
					54CD7B6221AC5DD100C28C6F = {
						CreatedOnToolsVersion = 10.0;
					};
					54CD7B7621AC5DD200C28C6F = {
						CreatedOnToolsVersion = 10.0;
						TestTargetID = 54CD7B6221AC5DD100C28C6F;
					};
					54CD7B8121AC5DD200C28C6F = {
						CreatedOnToolsVersion = 10.0;
						TestTargetID = 54CD7B6221AC5DD100C28C6F;
					};
				};
			};
			buildConfigurationList = 54CD7B5E21AC5DD100C28C6F /* Build configuration list for PBXProject "CilentSideAttendence" */;
			compatibilityVersion = "Xcode 10.0";
			developmentRegion = en;
			hasScannedForEncodings = 0;
			knownRegions = (
				en,
				Base,
			);
			mainGroup = 54CD7B5A21AC5DD100C28C6F;
			productRefGroup = 54CD7B6421AC5DD100C28C6F /* Products */;
			projectDirPath = "";
			projectRoot = "";
			targets = (
				54CD7B6221AC5DD100C28C6F /* CilentSideAttendence */,
				54CD7B7621AC5DD200C28C6F /* CilentSideAttendenceTests */,
				54CD7B8121AC5DD200C28C6F /* CilentSideAttendenceUITests */,
			);
		};
/* End PBXProject section */

/* Begin PBXResourcesBuildPhase section */
		54CD7B6121AC5DD100C28C6F /* Resources */ = {
			isa = PBXResourcesBuildPhase;
			buildActionMask = 2147483647;
			files = (
				7DB9E4D521CC27B70097E1E4 /* LaunchScreen.storyboard in Resources */,
				7DB9E4D021CC27B70097E1E4 /* Assets.xcassets in Resources */,
				7DB9E4D421CC27B70097E1E4 /* GoogleService-Info.plist in Resources */,
				7DB9E4E621CC27B70097E1E4 /* Info.plist in Resources */,
				7DB9E4D621CC27B70097E1E4 /* Main.storyboard in Resources */,
			);
			runOnlyForDeploymentPostprocessing = 0;
		};
		54CD7B7521AC5DD200C28C6F /* Resources */ = {
			isa = PBXResourcesBuildPhase;
			buildActionMask = 2147483647;
			files = (
			);
			runOnlyForDeploymentPostprocessing = 0;
		};
		54CD7B8021AC5DD200C28C6F /* Resources */ = {
			isa = PBXResourcesBuildPhase;
			buildActionMask = 2147483647;
			files = (
			);
			runOnlyForDeploymentPostprocessing = 0;
		};
/* End PBXResourcesBuildPhase section */

/* Begin PBXSourcesBuildPhase section */
		54CD7B5F21AC5DD100C28C6F /* Sources */ = {
			isa = PBXSourcesBuildPhase;
			buildActionMask = 2147483647;
			files = (
				7DB9E4DA21CC27B70097E1E4 /* AppDelegate.swift in Sources */,
				7DB9E4DC21CC27B70097E1E4 /* studentList.swift in Sources */,
				7DB9E4E221CC27B70097E1E4 /* class.swift in Sources */,
				7DB9E4E521CC27B70097E1E4 /* AttendenceHistoryTableViewController.swift in Sources */,
				7DB9E4D121CC27B70097E1E4 /* AddClassroomTableViewController.swift in Sources */,
				7DB9E4D321CC27B70097E1E4 /* CoursesTableViewCell.swift in Sources */,
				7DB9E4DF21CC27B70097E1E4 /* teacher.swift in Sources */,
				7DB9E4CC21CC27B70097E1E4 /* ViewController.swift in Sources */,
				7DB9E4E721CC27B70097E1E4 /* StudentsDetailTableViewController.swift in Sources */,
				7DB9E4CE21CC27B70097E1E4 /* MainTableViewController.swift in Sources */,
				7DB9E4D821CC27B70097E1E4 /* AddDetailsTableViewController.swift in Sources */,
				7DB9E4D221CC27B70097E1E4 /* AddStudentTableViewController.swift in Sources */,
				7DB9E4E121CC27B70097E1E4 /* AttendenceHistory.swift in Sources */,
				7DB9E4E421CC27B70097E1E4 /* student.swift in Sources */,
				7DB9E4CF21CC27B70097E1E4 /* StudentTableViewController.swift in Sources */,
				7DB9E4DB21CC27B70097E1E4 /* teacher.swift in Sources */,
				7DB9E4E021CC27B70097E1E4 /* studentList.swift in Sources */,
				7DB9E4CD21CC27B70097E1E4 /* SwiftData.swift in Sources */,
				7DB9E4D921CC27B70097E1E4 /* AttendancesTableViewCell.swift in Sources */,
				7DB9E4DE21CC27B70097E1E4 /* class.swift in Sources */,
				7DB9E4D721CC27B70097E1E4 /* StudentTableViewCell.swift in Sources */,
				7DB9E4DD21CC27B70097E1E4 /* AttendenceHistory.swift in Sources */,
				7DB9E4E321CC27B70097E1E4 /* student.swift in Sources */,
			);
			runOnlyForDeploymentPostprocessing = 0;
		};
		54CD7B7321AC5DD200C28C6F /* Sources */ = {
			isa = PBXSourcesBuildPhase;
			buildActionMask = 2147483647;
			files = (
			);
			runOnlyForDeploymentPostprocessing = 0;
		};
		54CD7B7E21AC5DD200C28C6F /* Sources */ = {
			isa = PBXSourcesBuildPhase;
			buildActionMask = 2147483647;
			files = (
			);
			runOnlyForDeploymentPostprocessing = 0;
		};
/* End PBXSourcesBuildPhase section */

/* Begin PBXTargetDependency section */
		54CD7B7921AC5DD200C28C6F /* PBXTargetDependency */ = {
			isa = PBXTargetDependency;
			target = 54CD7B6221AC5DD100C28C6F /* CilentSideAttendence */;
			targetProxy = 54CD7B7821AC5DD200C28C6F /* PBXContainerItemProxy */;
		};
		54CD7B8421AC5DD200C28C6F /* PBXTargetDependency */ = {
			isa = PBXTargetDependency;
			target = 54CD7B6221AC5DD100C28C6F /* CilentSideAttendence */;
			targetProxy = 54CD7B8321AC5DD200C28C6F /* PBXContainerItemProxy */;
		};
/* End PBXTargetDependency section */

/* Begin PBXVariantGroup section */
		7DB9E4B521CC27B70097E1E4 /* LaunchScreen.storyboard */ = {
			isa = PBXVariantGroup;
			children = (
				7DB9E4B621CC27B70097E1E4 /* Base */,
			);
			name = LaunchScreen.storyboard;
			sourceTree = "<group>";
		};
		7DB9E4B721CC27B70097E1E4 /* Main.storyboard */ = {
			isa = PBXVariantGroup;
			children = (
				7DB9E4B821CC27B70097E1E4 /* Base */,
			);
			name = Main.storyboard;
			sourceTree = "<group>";
		};
/* End PBXVariantGroup section */

/* Begin XCBuildConfiguration section */
		54CD7B8921AC5DD200C28C6F /* Debug */ = {
			isa = XCBuildConfiguration;
			buildSettings = {
				ALWAYS_SEARCH_USER_PATHS = NO;
				CLANG_ANALYZER_NONNULL = YES;
				CLANG_ANALYZER_NUMBER_OBJECT_CONVERSION = YES_AGGRESSIVE;
				CLANG_CXX_LANGUAGE_STANDARD = "gnu++14";
				CLANG_CXX_LIBRARY = "libc++";
				CLANG_ENABLE_MODULES = YES;
				CLANG_ENABLE_OBJC_ARC = YES;
				CLANG_ENABLE_OBJC_WEAK = YES;
				CLANG_WARN_BLOCK_CAPTURE_AUTORELEASING = YES;
				CLANG_WARN_BOOL_CONVERSION = YES;
				CLANG_WARN_COMMA = YES;
				CLANG_WARN_CONSTANT_CONVERSION = YES;
				CLANG_WARN_DEPRECATED_OBJC_IMPLEMENTATIONS = YES;
				CLANG_WARN_DIRECT_OBJC_ISA_USAGE = YES_ERROR;
				CLANG_WARN_DOCUMENTATION_COMMENTS = YES;
				CLANG_WARN_EMPTY_BODY = YES;
				CLANG_WARN_ENUM_CONVERSION = YES;
				CLANG_WARN_INFINITE_RECURSION = YES;
				CLANG_WARN_INT_CONVERSION = YES;
				CLANG_WARN_NON_LITERAL_NULL_CONVERSION = YES;
				CLANG_WARN_OBJC_IMPLICIT_RETAIN_SELF = YES;
				CLANG_WARN_OBJC_LITERAL_CONVERSION = YES;
				CLANG_WARN_OBJC_ROOT_CLASS = YES_ERROR;
				CLANG_WARN_RANGE_LOOP_ANALYSIS = YES;
				CLANG_WARN_STRICT_PROTOTYPES = YES;
				CLANG_WARN_SUSPICIOUS_MOVE = YES;
				CLANG_WARN_UNGUARDED_AVAILABILITY = YES_AGGRESSIVE;
				CLANG_WARN_UNREACHABLE_CODE = YES;
				CLANG_WARN__DUPLICATE_METHOD_MATCH = YES;
				CODE_SIGN_IDENTITY = "iPhone Developer";
				COPY_PHASE_STRIP = NO;
				DEBUG_INFORMATION_FORMAT = dwarf;
				ENABLE_STRICT_OBJC_MSGSEND = YES;
				ENABLE_TESTABILITY = YES;
				GCC_C_LANGUAGE_STANDARD = gnu11;
				GCC_DYNAMIC_NO_PIC = NO;
				GCC_NO_COMMON_BLOCKS = YES;
				GCC_OPTIMIZATION_LEVEL = 0;
				GCC_PREPROCESSOR_DEFINITIONS = (
					"DEBUG=1",
					"$(inherited)",
				);
				GCC_WARN_64_TO_32_BIT_CONVERSION = YES;
				GCC_WARN_ABOUT_RETURN_TYPE = YES_ERROR;
				GCC_WARN_UNDECLARED_SELECTOR = YES;
				GCC_WARN_UNINITIALIZED_AUTOS = YES_AGGRESSIVE;
				GCC_WARN_UNUSED_FUNCTION = YES;
				GCC_WARN_UNUSED_VARIABLE = YES;
				IPHONEOS_DEPLOYMENT_TARGET = 12.0;
				MTL_ENABLE_DEBUG_INFO = INCLUDE_SOURCE;
				MTL_FAST_MATH = YES;
				ONLY_ACTIVE_ARCH = YES;
				SDKROOT = iphoneos;
				SWIFT_ACTIVE_COMPILATION_CONDITIONS = DEBUG;
				SWIFT_OPTIMIZATION_LEVEL = "-Onone";
			};
			name = Debug;
		};
		54CD7B8A21AC5DD200C28C6F /* Release */ = {
			isa = XCBuildConfiguration;
			buildSettings = {
				ALWAYS_SEARCH_USER_PATHS = NO;
				CLANG_ANALYZER_NONNULL = YES;
				CLANG_ANALYZER_NUMBER_OBJECT_CONVERSION = YES_AGGRESSIVE;
				CLANG_CXX_LANGUAGE_STANDARD = "gnu++14";
				CLANG_CXX_LIBRARY = "libc++";
				CLANG_ENABLE_MODULES = YES;
				CLANG_ENABLE_OBJC_ARC = YES;
				CLANG_ENABLE_OBJC_WEAK = YES;
				CLANG_WARN_BLOCK_CAPTURE_AUTORELEASING = YES;
				CLANG_WARN_BOOL_CONVERSION = YES;
				CLANG_WARN_COMMA = YES;
				CLANG_WARN_CONSTANT_CONVERSION = YES;
				CLANG_WARN_DEPRECATED_OBJC_IMPLEMENTATIONS = YES;
				CLANG_WARN_DIRECT_OBJC_ISA_USAGE = YES_ERROR;
				CLANG_WARN_DOCUMENTATION_COMMENTS = YES;
				CLANG_WARN_EMPTY_BODY = YES;
				CLANG_WARN_ENUM_CONVERSION = YES;
				CLANG_WARN_INFINITE_RECURSION = YES;
				CLANG_WARN_INT_CONVERSION = YES;
				CLANG_WARN_NON_LITERAL_NULL_CONVERSION = YES;
				CLANG_WARN_OBJC_IMPLICIT_RETAIN_SELF = YES;
				CLANG_WARN_OBJC_LITERAL_CONVERSION = YES;
				CLANG_WARN_OBJC_ROOT_CLASS = YES_ERROR;
				CLANG_WARN_RANGE_LOOP_ANALYSIS = YES;
				CLANG_WARN_STRICT_PROTOTYPES = YES;
				CLANG_WARN_SUSPICIOUS_MOVE = YES;
				CLANG_WARN_UNGUARDED_AVAILABILITY = YES_AGGRESSIVE;
				CLANG_WARN_UNREACHABLE_CODE = YES;
				CLANG_WARN__DUPLICATE_METHOD_MATCH = YES;
				CODE_SIGN_IDENTITY = "iPhone Developer";
				COPY_PHASE_STRIP = NO;
				DEBUG_INFORMATION_FORMAT = "dwarf-with-dsym";
				ENABLE_NS_ASSERTIONS = NO;
				ENABLE_STRICT_OBJC_MSGSEND = YES;
				GCC_C_LANGUAGE_STANDARD = gnu11;
				GCC_NO_COMMON_BLOCKS = YES;
				GCC_WARN_64_TO_32_BIT_CONVERSION = YES;
				GCC_WARN_ABOUT_RETURN_TYPE = YES_ERROR;
				GCC_WARN_UNDECLARED_SELECTOR = YES;
				GCC_WARN_UNINITIALIZED_AUTOS = YES_AGGRESSIVE;
				GCC_WARN_UNUSED_FUNCTION = YES;
				GCC_WARN_UNUSED_VARIABLE = YES;
				IPHONEOS_DEPLOYMENT_TARGET = 12.0;
				MTL_ENABLE_DEBUG_INFO = NO;
				MTL_FAST_MATH = YES;
				SDKROOT = iphoneos;
				SWIFT_COMPILATION_MODE = wholemodule;
				SWIFT_OPTIMIZATION_LEVEL = "-O";
				VALIDATE_PRODUCT = YES;
			};
			name = Release;
		};
		54CD7B8C21AC5DD200C28C6F /* Debug */ = {
			isa = XCBuildConfiguration;
			buildSettings = {
				ASSETCATALOG_COMPILER_APPICON_NAME = AppIcon;
				CODE_SIGN_STYLE = Automatic;
				DEVELOPMENT_TEAM = 8DZ9Y5FRKK;
				INFOPLIST_FILE = ClientSideAttendence/Info.plist;
				IPHONEOS_DEPLOYMENT_TARGET = 11.0;
				LD_RUNPATH_SEARCH_PATHS = (
					"$(inherited)",
					"@executable_path/Frameworks",
				);
				PRODUCT_BUNDLE_IDENTIFIER = club.skylove.ClientSideAttendence;
				PRODUCT_NAME = "$(TARGET_NAME)";
				SWIFT_VERSION = 4.2;
				TARGETED_DEVICE_FAMILY = "1,2";
			};
			name = Debug;
		};
		54CD7B8D21AC5DD200C28C6F /* Release */ = {
			isa = XCBuildConfiguration;
			buildSettings = {
				ASSETCATALOG_COMPILER_APPICON_NAME = AppIcon;
				CODE_SIGN_STYLE = Automatic;
				DEVELOPMENT_TEAM = 8DZ9Y5FRKK;
				INFOPLIST_FILE = ClientSideAttendence/Info.plist;
				IPHONEOS_DEPLOYMENT_TARGET = 11.0;
				LD_RUNPATH_SEARCH_PATHS = (
					"$(inherited)",
					"@executable_path/Frameworks",
				);
				PRODUCT_BUNDLE_IDENTIFIER = club.skylove.ClientSideAttendence;
				PRODUCT_NAME = "$(TARGET_NAME)";
				SWIFT_VERSION = 4.2;
				TARGETED_DEVICE_FAMILY = "1,2";
			};
			name = Release;
		};
		54CD7B8F21AC5DD200C28C6F /* Debug */ = {
			isa = XCBuildConfiguration;
			buildSettings = {
				ALWAYS_EMBED_SWIFT_STANDARD_LIBRARIES = YES;
				BUNDLE_LOADER = "$(TEST_HOST)";
				CODE_SIGN_STYLE = Automatic;
				INFOPLIST_FILE = Group2_Piotr_SzczepaniecTests/Info.plist;
				LD_RUNPATH_SEARCH_PATHS = (
					"$(inherited)",
					"@executable_path/Frameworks",
					"@loader_path/Frameworks",
				);
				PRODUCT_BUNDLE_IDENTIFIER = "period-3.Group2-Piotr-SzczepaniecTests";
				PRODUCT_NAME = "$(TARGET_NAME)";
				SWIFT_VERSION = 4.2;
				TARGETED_DEVICE_FAMILY = "1,2";
				TEST_HOST = "$(BUILT_PRODUCTS_DIR)/CilentSideAttendence.app/CilentSideAttendence";
			};
			name = Debug;
		};
		54CD7B9021AC5DD200C28C6F /* Release */ = {
			isa = XCBuildConfiguration;
			buildSettings = {
				ALWAYS_EMBED_SWIFT_STANDARD_LIBRARIES = YES;
				BUNDLE_LOADER = "$(TEST_HOST)";
				CODE_SIGN_STYLE = Automatic;
				INFOPLIST_FILE = Group2_Piotr_SzczepaniecTests/Info.plist;
				LD_RUNPATH_SEARCH_PATHS = (
					"$(inherited)",
					"@executable_path/Frameworks",
					"@loader_path/Frameworks",
				);
				PRODUCT_BUNDLE_IDENTIFIER = "period-3.Group2-Piotr-SzczepaniecTests";
				PRODUCT_NAME = "$(TARGET_NAME)";
				SWIFT_VERSION = 4.2;
				TARGETED_DEVICE_FAMILY = "1,2";
				TEST_HOST = "$(BUILT_PRODUCTS_DIR)/CilentSideAttendence.app/CilentSideAttendence";
			};
			name = Release;
		};
		54CD7B9221AC5DD200C28C6F /* Debug */ = {
			isa = XCBuildConfiguration;
			buildSettings = {
				ALWAYS_EMBED_SWIFT_STANDARD_LIBRARIES = YES;
				CODE_SIGN_STYLE = Automatic;
				INFOPLIST_FILE = Group2_Piotr_SzczepaniecUITests/Info.plist;
				LD_RUNPATH_SEARCH_PATHS = (
					"$(inherited)",
					"@executable_path/Frameworks",
					"@loader_path/Frameworks",
				);
				PRODUCT_BUNDLE_IDENTIFIER = "period-3.Group2-Piotr-SzczepaniecUITests";
				PRODUCT_NAME = "$(TARGET_NAME)";
				SWIFT_VERSION = 4.2;
				TARGETED_DEVICE_FAMILY = "1,2";
				TEST_TARGET_NAME = Group2_Piotr_Szczepaniec;
			};
			name = Debug;
		};
		54CD7B9321AC5DD200C28C6F /* Release */ = {
			isa = XCBuildConfiguration;
			buildSettings = {
				ALWAYS_EMBED_SWIFT_STANDARD_LIBRARIES = YES;
				CODE_SIGN_STYLE = Automatic;
				INFOPLIST_FILE = Group2_Piotr_SzczepaniecUITests/Info.plist;
				LD_RUNPATH_SEARCH_PATHS = (
					"$(inherited)",
					"@executable_path/Frameworks",
					"@loader_path/Frameworks",
				);
				PRODUCT_BUNDLE_IDENTIFIER = "period-3.Group2-Piotr-SzczepaniecUITests";
				PRODUCT_NAME = "$(TARGET_NAME)";
				SWIFT_VERSION = 4.2;
				TARGETED_DEVICE_FAMILY = "1,2";
				TEST_TARGET_NAME = Group2_Piotr_Szczepaniec;
			};
			name = Release;
		};
/* End XCBuildConfiguration section */

/* Begin XCConfigurationList section */
		54CD7B5E21AC5DD100C28C6F /* Build configuration list for PBXProject "CilentSideAttendence" */ = {
			isa = XCConfigurationList;
			buildConfigurations = (
				54CD7B8921AC5DD200C28C6F /* Debug */,
				54CD7B8A21AC5DD200C28C6F /* Release */,
			);
			defaultConfigurationIsVisible = 0;
			defaultConfigurationName = Release;
		};
		54CD7B8B21AC5DD200C28C6F /* Build configuration list for PBXNativeTarget "CilentSideAttendence" */ = {
			isa = XCConfigurationList;
			buildConfigurations = (
				54CD7B8C21AC5DD200C28C6F /* Debug */,
				54CD7B8D21AC5DD200C28C6F /* Release */,
			);
			defaultConfigurationIsVisible = 0;
			defaultConfigurationName = Release;
		};
		54CD7B8E21AC5DD200C28C6F /* Build configuration list for PBXNativeTarget "CilentSideAttendenceTests" */ = {
			isa = XCConfigurationList;
			buildConfigurations = (
				54CD7B8F21AC5DD200C28C6F /* Debug */,
				54CD7B9021AC5DD200C28C6F /* Release */,
			);
			defaultConfigurationIsVisible = 0;
			defaultConfigurationName = Release;
		};
		54CD7B9121AC5DD200C28C6F /* Build configuration list for PBXNativeTarget "CilentSideAttendenceUITests" */ = {
			isa = XCConfigurationList;
			buildConfigurations = (
				54CD7B9221AC5DD200C28C6F /* Debug */,
				54CD7B9321AC5DD200C28C6F /* Release */,
			);
			defaultConfigurationIsVisible = 0;
			defaultConfigurationName = Release;
		};
/* End XCConfigurationList section */
	};
	rootObject = 54CD7B5B21AC5DD100C28C6F /* Project object */;
}
