// !$*UTF8*$!
{
	archiveVersion = 1;
	classes = {
	};
	objectVersion = 50;
	objects = {

/* Begin PBXBuildFile section */
		5482E3B621B8478B008E6E32 /* AddClassroomTableViewController.swift in Sources */ = {isa = PBXBuildFile; fileRef = 5482E3B521B8478B008E6E32 /* AddClassroomTableViewController.swift */; };
		5494298921B99EB400421A48 /* teacher.swift in Sources */ = {isa = PBXBuildFile; fileRef = 5494297821B99B8300421A48 /* teacher.swift */; };
		5494298A21B99EB700421A48 /* AttendenceHistory.swift in Sources */ = {isa = PBXBuildFile; fileRef = 5494297A21B99B8300421A48 /* AttendenceHistory.swift */; };
		5494298B21B99EBC00421A48 /* studentList.swift in Sources */ = {isa = PBXBuildFile; fileRef = 5494297921B99B8300421A48 /* studentList.swift */; };
		5494298C21B99EC000421A48 /* class.swift in Sources */ = {isa = PBXBuildFile; fileRef = 5494297B21B99B8300421A48 /* class.swift */; };
		5494298D21B99EC300421A48 /* student.swift in Sources */ = {isa = PBXBuildFile; fileRef = 5494297C21B99B8300421A48 /* student.swift */; };
		549FABB421C80B1300B81059 /* AttendancesTableViewCell.swift in Sources */ = {isa = PBXBuildFile; fileRef = 549FABB321C80B1300B81059 /* AttendancesTableViewCell.swift */; };
		54BF0CD421B5968C00AAB00B /* CoursesTableViewCell.swift in Sources */ = {isa = PBXBuildFile; fileRef = 54BF0CD321B5968C00AAB00B /* CoursesTableViewCell.swift */; };
		54BF0CD621B5ABB800AAB00B /* StudentTableViewController.swift in Sources */ = {isa = PBXBuildFile; fileRef = 54BF0CD521B5ABB800AAB00B /* StudentTableViewController.swift */; };
		54BF0CD821B5ABE400AAB00B /* StudentTableViewCell.swift in Sources */ = {isa = PBXBuildFile; fileRef = 54BF0CD721B5ABE400AAB00B /* StudentTableViewCell.swift */; };
		54CD7B6721AC5DD100C28C6F /* AppDelegate.swift in Sources */ = {isa = PBXBuildFile; fileRef = 54CD7B6621AC5DD100C28C6F /* AppDelegate.swift */; };
		54CD7B6921AC5DD100C28C6F /* ViewController.swift in Sources */ = {isa = PBXBuildFile; fileRef = 54CD7B6821AC5DD100C28C6F /* ViewController.swift */; };
		54CD7B6C21AC5DD100C28C6F /* Main.storyboard in Resources */ = {isa = PBXBuildFile; fileRef = 54CD7B6A21AC5DD100C28C6F /* Main.storyboard */; };
		54CD7B6E21AC5DD200C28C6F /* Assets.xcassets in Resources */ = {isa = PBXBuildFile; fileRef = 54CD7B6D21AC5DD200C28C6F /* Assets.xcassets */; };
		54CD7B7121AC5DD200C28C6F /* LaunchScreen.storyboard in Resources */ = {isa = PBXBuildFile; fileRef = 54CD7B6F21AC5DD200C28C6F /* LaunchScreen.storyboard */; };
		54CD7B7C21AC5DD200C28C6F /* Group2_Piotr_SzczepaniecTests.swift in Sources */ = {isa = PBXBuildFile; fileRef = 54CD7B7B21AC5DD200C28C6F /* Group2_Piotr_SzczepaniecTests.swift */; };
		54CD7B8721AC5DD200C28C6F /* Group2_Piotr_SzczepaniecUITests.swift in Sources */ = {isa = PBXBuildFile; fileRef = 54CD7B8621AC5DD200C28C6F /* Group2_Piotr_SzczepaniecUITests.swift */; };
		54CD7B9521AC5DE500C28C6F /* MainTableViewController.swift in Sources */ = {isa = PBXBuildFile; fileRef = 54CD7B9421AC5DE500C28C6F /* MainTableViewController.swift */; };
		54D221E321B0569800C12299 /* AddStudentTableViewController.swift in Sources */ = {isa = PBXBuildFile; fileRef = 54D221E221B0569800C12299 /* AddStudentTableViewController.swift */; };
		54FC11ED21BED86700008FFF /* AddDetailsTableViewController.swift in Sources */ = {isa = PBXBuildFile; fileRef = 54FC11EC21BED86700008FFF /* AddDetailsTableViewController.swift */; };
		7D18D43221C2CC4E0070B207 /* GoogleService-Info.plist in Resources */ = {isa = PBXBuildFile; fileRef = 7D18D43121C2CC4E0070B207 /* GoogleService-Info.plist */; };
		7D67BD0621C1847C009B9F7E /* TeacherListViewController.swift in Sources */ = {isa = PBXBuildFile; fileRef = 7D67BD0521C1847C009B9F7E /* TeacherListViewController.swift */; };
		9330B2E6DC1503F7B2AAAC43 /* Pods_Group2_Piotr_SzczepaniecUITests.framework in Frameworks */ = {isa = PBXBuildFile; fileRef = 89614A1AA7590DDFDD6E86BC /* Pods_Group2_Piotr_SzczepaniecUITests.framework */; };
		AE59EBEB21BB587E00C4442B /* AttendenceHistoryTableViewController.swift in Sources */ = {isa = PBXBuildFile; fileRef = AE59EBEA21BB587E00C4442B /* AttendenceHistoryTableViewController.swift */; };
		AE59EBED21BB5C3200C4442B /* StudentsDetailTableViewController.swift in Sources */ = {isa = PBXBuildFile; fileRef = AE59EBEC21BB5C3200C4442B /* StudentsDetailTableViewController.swift */; };
		E079C49AF70B34B2C5D6A0CA /* Pods_Group2_Piotr_Szczepaniec.framework in Frameworks */ = {isa = PBXBuildFile; fileRef = 9B80EBFC3678C7D0C195EAD8 /* Pods_Group2_Piotr_Szczepaniec.framework */; };
		F21B71CC9D98A74ECA0E19B2 /* Pods_Group2_Piotr_SzczepaniecTests.framework in Frameworks */ = {isa = PBXBuildFile; fileRef = 0DB9AFA0FB2ED5B983D4B5B0 /* Pods_Group2_Piotr_SzczepaniecTests.framework */; };
/* End PBXBuildFile section */

/* Begin PBXContainerItemProxy section */
		54CD7B7821AC5DD200C28C6F /* PBXContainerItemProxy */ = {
			isa = PBXContainerItemProxy;
			containerPortal = 54CD7B5B21AC5DD100C28C6F /* Project object */;
			proxyType = 1;
			remoteGlobalIDString = 54CD7B6221AC5DD100C28C6F;
			remoteInfo = Group2_Piotr_Szczepaniec;
		};
		54CD7B8321AC5DD200C28C6F /* PBXContainerItemProxy */ = {
			isa = PBXContainerItemProxy;
			containerPortal = 54CD7B5B21AC5DD100C28C6F /* Project object */;
			proxyType = 1;
			remoteGlobalIDString = 54CD7B6221AC5DD100C28C6F;
			remoteInfo = Group2_Piotr_Szczepaniec;
		};
/* End PBXContainerItemProxy section */

/* Begin PBXFileReference section */
		0DB9AFA0FB2ED5B983D4B5B0 /* Pods_Group2_Piotr_SzczepaniecTests.framework */ = {isa = PBXFileReference; explicitFileType = wrapper.framework; includeInIndex = 0; path = Pods_Group2_Piotr_SzczepaniecTests.framework; sourceTree = BUILT_PRODUCTS_DIR; };
		17F20D8F9749DB3651504B7E /* Pods-Group2_Piotr_SzczepaniecTests.debug.xcconfig */ = {isa = PBXFileReference; includeInIndex = 1; lastKnownFileType = text.xcconfig; name = "Pods-Group2_Piotr_SzczepaniecTests.debug.xcconfig"; path = "Pods/Target Support Files/Pods-Group2_Piotr_SzczepaniecTests/Pods-Group2_Piotr_SzczepaniecTests.debug.xcconfig"; sourceTree = "<group>"; };
		464DD7836591A39129B49EDA /* Pods-Group2_Piotr_SzczepaniecUITests.release.xcconfig */ = {isa = PBXFileReference; includeInIndex = 1; lastKnownFileType = text.xcconfig; name = "Pods-Group2_Piotr_SzczepaniecUITests.release.xcconfig"; path = "Pods/Target Support Files/Pods-Group2_Piotr_SzczepaniecUITests/Pods-Group2_Piotr_SzczepaniecUITests.release.xcconfig"; sourceTree = "<group>"; };
		5482E3B521B8478B008E6E32 /* AddClassroomTableViewController.swift */ = {isa = PBXFileReference; lastKnownFileType = sourcecode.swift; path = AddClassroomTableViewController.swift; sourceTree = "<group>"; };
		5494297821B99B8300421A48 /* teacher.swift */ = {isa = PBXFileReference; lastKnownFileType = sourcecode.swift; path = teacher.swift; sourceTree = "<group>"; };
		5494297921B99B8300421A48 /* studentList.swift */ = {isa = PBXFileReference; lastKnownFileType = sourcecode.swift; path = studentList.swift; sourceTree = "<group>"; };
		5494297A21B99B8300421A48 /* AttendenceHistory.swift */ = {isa = PBXFileReference; lastKnownFileType = sourcecode.swift; path = AttendenceHistory.swift; sourceTree = "<group>"; };
		5494297B21B99B8300421A48 /* class.swift */ = {isa = PBXFileReference; lastKnownFileType = sourcecode.swift; path = class.swift; sourceTree = "<group>"; };
		5494297C21B99B8300421A48 /* student.swift */ = {isa = PBXFileReference; lastKnownFileType = sourcecode.swift; path = student.swift; sourceTree = "<group>"; };
		549FABB321C80B1300B81059 /* AttendancesTableViewCell.swift */ = {isa = PBXFileReference; lastKnownFileType = sourcecode.swift; path = AttendancesTableViewCell.swift; sourceTree = "<group>"; };
		54BF0CD321B5968C00AAB00B /* CoursesTableViewCell.swift */ = {isa = PBXFileReference; lastKnownFileType = sourcecode.swift; path = CoursesTableViewCell.swift; sourceTree = "<group>"; };
		54BF0CD521B5ABB800AAB00B /* StudentTableViewController.swift */ = {isa = PBXFileReference; lastKnownFileType = sourcecode.swift; path = StudentTableViewController.swift; sourceTree = "<group>"; };
		54BF0CD721B5ABE400AAB00B /* StudentTableViewCell.swift */ = {isa = PBXFileReference; lastKnownFileType = sourcecode.swift; path = StudentTableViewCell.swift; sourceTree = "<group>"; };
		54CD7B6321AC5DD100C28C6F /* ServerSideAttendence.app */ = {isa = PBXFileReference; explicitFileType = wrapper.application; includeInIndex = 0; path = ServerSideAttendence.app; sourceTree = BUILT_PRODUCTS_DIR; };
		54CD7B6621AC5DD100C28C6F /* AppDelegate.swift */ = {isa = PBXFileReference; lastKnownFileType = sourcecode.swift; path = AppDelegate.swift; sourceTree = "<group>"; };
		54CD7B6821AC5DD100C28C6F /* ViewController.swift */ = {isa = PBXFileReference; lastKnownFileType = sourcecode.swift; path = ViewController.swift; sourceTree = "<group>"; };
		54CD7B6B21AC5DD100C28C6F /* Base */ = {isa = PBXFileReference; lastKnownFileType = file.storyboard; name = Base; path = Base.lproj/Main.storyboard; sourceTree = "<group>"; };
		54CD7B6D21AC5DD200C28C6F /* Assets.xcassets */ = {isa = PBXFileReference; lastKnownFileType = folder.assetcatalog; path = Assets.xcassets; sourceTree = "<group>"; };
		54CD7B7021AC5DD200C28C6F /* Base */ = {isa = PBXFileReference; lastKnownFileType = file.storyboard; name = Base; path = Base.lproj/LaunchScreen.storyboard; sourceTree = "<group>"; };
		54CD7B7221AC5DD200C28C6F /* Info.plist */ = {isa = PBXFileReference; lastKnownFileType = text.plist.xml; path = Info.plist; sourceTree = "<group>"; };
		54CD7B7721AC5DD200C28C6F /* ServerSideAttendenceTests.xctest */ = {isa = PBXFileReference; explicitFileType = wrapper.cfbundle; includeInIndex = 0; path = ServerSideAttendenceTests.xctest; sourceTree = BUILT_PRODUCTS_DIR; };
		54CD7B7B21AC5DD200C28C6F /* Group2_Piotr_SzczepaniecTests.swift */ = {isa = PBXFileReference; lastKnownFileType = sourcecode.swift; path = Group2_Piotr_SzczepaniecTests.swift; sourceTree = "<group>"; };
		54CD7B7D21AC5DD200C28C6F /* Info.plist */ = {isa = PBXFileReference; lastKnownFileType = text.plist.xml; path = Info.plist; sourceTree = "<group>"; };
		54CD7B8221AC5DD200C28C6F /* ServerSideAttendenceUITests.xctest */ = {isa = PBXFileReference; explicitFileType = wrapper.cfbundle; includeInIndex = 0; path = ServerSideAttendenceUITests.xctest; sourceTree = BUILT_PRODUCTS_DIR; };
		54CD7B8621AC5DD200C28C6F /* Group2_Piotr_SzczepaniecUITests.swift */ = {isa = PBXFileReference; lastKnownFileType = sourcecode.swift; path = Group2_Piotr_SzczepaniecUITests.swift; sourceTree = "<group>"; };
		54CD7B8821AC5DD200C28C6F /* Info.plist */ = {isa = PBXFileReference; lastKnownFileType = text.plist.xml; path = Info.plist; sourceTree = "<group>"; };
		54CD7B9421AC5DE500C28C6F /* MainTableViewController.swift */ = {isa = PBXFileReference; lastKnownFileType = sourcecode.swift; path = MainTableViewController.swift; sourceTree = "<group>"; };
		54D221E221B0569800C12299 /* AddStudentTableViewController.swift */ = {isa = PBXFileReference; lastKnownFileType = sourcecode.swift; path = AddStudentTableViewController.swift; sourceTree = "<group>"; };
		54FC11EC21BED86700008FFF /* AddDetailsTableViewController.swift */ = {isa = PBXFileReference; lastKnownFileType = sourcecode.swift; path = AddDetailsTableViewController.swift; sourceTree = "<group>"; };
		6C7990B87F5C5A3D31873300 /* Pods-Group2_Piotr_Szczepaniec.release.xcconfig */ = {isa = PBXFileReference; includeInIndex = 1; lastKnownFileType = text.xcconfig; name = "Pods-Group2_Piotr_Szczepaniec.release.xcconfig"; path = "Pods/Target Support Files/Pods-Group2_Piotr_Szczepaniec/Pods-Group2_Piotr_Szczepaniec.release.xcconfig"; sourceTree = "<group>"; };
		75E619ED0223FBA0A674F32E /* Pods-Group2_Piotr_SzczepaniecTests.release.xcconfig */ = {isa = PBXFileReference; includeInIndex = 1; lastKnownFileType = text.xcconfig; name = "Pods-Group2_Piotr_SzczepaniecTests.release.xcconfig"; path = "Pods/Target Support Files/Pods-Group2_Piotr_SzczepaniecTests/Pods-Group2_Piotr_SzczepaniecTests.release.xcconfig"; sourceTree = "<group>"; };
		7D18D43121C2CC4E0070B207 /* GoogleService-Info.plist */ = {isa = PBXFileReference; fileEncoding = 4; lastKnownFileType = text.plist.xml; name = "GoogleService-Info.plist"; path = "../../../Downloads/GoogleService-Info.plist"; sourceTree = "<group>"; };
		7D67BD0521C1847C009B9F7E /* TeacherListViewController.swift */ = {isa = PBXFileReference; fileEncoding = 4; lastKnownFileType = sourcecode.swift; path = TeacherListViewController.swift; sourceTree = "<group>"; };
		89614A1AA7590DDFDD6E86BC /* Pods_Group2_Piotr_SzczepaniecUITests.framework */ = {isa = PBXFileReference; explicitFileType = wrapper.framework; includeInIndex = 0; path = Pods_Group2_Piotr_SzczepaniecUITests.framework; sourceTree = BUILT_PRODUCTS_DIR; };
		936364600D8FCB87CCA00498 /* Pods-Group2_Piotr_Szczepaniec.debug.xcconfig */ = {isa = PBXFileReference; includeInIndex = 1; lastKnownFileType = text.xcconfig; name = "Pods-Group2_Piotr_Szczepaniec.debug.xcconfig"; path = "Pods/Target Support Files/Pods-Group2_Piotr_Szczepaniec/Pods-Group2_Piotr_Szczepaniec.debug.xcconfig"; sourceTree = "<group>"; };
		9B80EBFC3678C7D0C195EAD8 /* Pods_Group2_Piotr_Szczepaniec.framework */ = {isa = PBXFileReference; explicitFileType = wrapper.framework; includeInIndex = 0; path = Pods_Group2_Piotr_Szczepaniec.framework; sourceTree = BUILT_PRODUCTS_DIR; };
		AE59EBEA21BB587E00C4442B /* AttendenceHistoryTableViewController.swift */ = {isa = PBXFileReference; lastKnownFileType = sourcecode.swift; path = AttendenceHistoryTableViewController.swift; sourceTree = "<group>"; };
		AE59EBEC21BB5C3200C4442B /* StudentsDetailTableViewController.swift */ = {isa = PBXFileReference; lastKnownFileType = sourcecode.swift; path = StudentsDetailTableViewController.swift; sourceTree = "<group>"; };
		DA50BC595AD077C3C0048EE2 /* Pods-Group2_Piotr_SzczepaniecUITests.debug.xcconfig */ = {isa = PBXFileReference; includeInIndex = 1; lastKnownFileType = text.xcconfig; name = "Pods-Group2_Piotr_SzczepaniecUITests.debug.xcconfig"; path = "Pods/Target Support Files/Pods-Group2_Piotr_SzczepaniecUITests/Pods-Group2_Piotr_SzczepaniecUITests.debug.xcconfig"; sourceTree = "<group>"; };
/* End PBXFileReference section */

/* Begin PBXFrameworksBuildPhase section */
		54CD7B6021AC5DD100C28C6F /* Frameworks */ = {
			isa = PBXFrameworksBuildPhase;
			buildActionMask = 2147483647;
			files = (
				E079C49AF70B34B2C5D6A0CA /* Pods_Group2_Piotr_Szczepaniec.framework in Frameworks */,
			);
			runOnlyForDeploymentPostprocessing = 0;
		};
		54CD7B7421AC5DD200C28C6F /* Frameworks */ = {
			isa = PBXFrameworksBuildPhase;
			buildActionMask = 2147483647;
			files = (
				F21B71CC9D98A74ECA0E19B2 /* Pods_Group2_Piotr_SzczepaniecTests.framework in Frameworks */,
			);
			runOnlyForDeploymentPostprocessing = 0;
		};
		54CD7B7F21AC5DD200C28C6F /* Frameworks */ = {
			isa = PBXFrameworksBuildPhase;
			buildActionMask = 2147483647;
			files = (
				9330B2E6DC1503F7B2AAAC43 /* Pods_Group2_Piotr_SzczepaniecUITests.framework in Frameworks */,
			);
			runOnlyForDeploymentPostprocessing = 0;
		};
/* End PBXFrameworksBuildPhase section */

/* Begin PBXGroup section */
		2C77276D162D0A8A91B10D53 /* Frameworks */ = {
			isa = PBXGroup;
			children = (
				9B80EBFC3678C7D0C195EAD8 /* Pods_Group2_Piotr_Szczepaniec.framework */,
				0DB9AFA0FB2ED5B983D4B5B0 /* Pods_Group2_Piotr_SzczepaniecTests.framework */,
				89614A1AA7590DDFDD6E86BC /* Pods_Group2_Piotr_SzczepaniecUITests.framework */,
			);
			name = Frameworks;
			sourceTree = "<group>";
		};
		5494297721B99B8300421A48 /* dataModel */ = {
			isa = PBXGroup;
			children = (
				5494297821B99B8300421A48 /* teacher.swift */,
				5494297921B99B8300421A48 /* studentList.swift */,
				5494297A21B99B8300421A48 /* AttendenceHistory.swift */,
				5494297B21B99B8300421A48 /* class.swift */,
				5494297C21B99B8300421A48 /* student.swift */,
			);
			path = dataModel;
			sourceTree = "<group>";
		};
		54CD7B5A21AC5DD100C28C6F = {
			isa = PBXGroup;
			children = (
				54CD7B6521AC5DD100C28C6F /* Group2_Piotr_Szczepaniec */,
				54CD7B7A21AC5DD200C28C6F /* Group2_Piotr_SzczepaniecTests */,
				54CD7B8521AC5DD200C28C6F /* Group2_Piotr_SzczepaniecUITests */,
				54CD7B6421AC5DD100C28C6F /* Products */,
				B64927132B90278392204516 /* Pods */,
				2C77276D162D0A8A91B10D53 /* Frameworks */,
			);
			sourceTree = "<group>";
		};
		54CD7B6421AC5DD100C28C6F /* Products */ = {
			isa = PBXGroup;
			children = (
				54CD7B6321AC5DD100C28C6F /* ServerSideAttendence.app */,
				54CD7B7721AC5DD200C28C6F /* ServerSideAttendenceTests.xctest */,
				54CD7B8221AC5DD200C28C6F /* ServerSideAttendenceUITests.xctest */,
			);
			name = Products;
			sourceTree = "<group>";
		};
		54CD7B6521AC5DD100C28C6F /* Group2_Piotr_Szczepaniec */ = {
			isa = PBXGroup;
			children = (
				5494297721B99B8300421A48 /* dataModel */,
				54CD7B6621AC5DD100C28C6F /* AppDelegate.swift */,
				54CD7B6821AC5DD100C28C6F /* ViewController.swift */,
				54CD7B6A21AC5DD100C28C6F /* Main.storyboard */,
				549FABB321C80B1300B81059 /* AttendancesTableViewCell.swift */,
				54FC11EC21BED86700008FFF /* AddDetailsTableViewController.swift */,
				54BF0CD721B5ABE400AAB00B /* StudentTableViewCell.swift */,
				7D18D43121C2CC4E0070B207 /* GoogleService-Info.plist */,
				54BF0CD521B5ABB800AAB00B /* StudentTableViewController.swift */,
				AE59EBEA21BB587E00C4442B /* AttendenceHistoryTableViewController.swift */,
				AE59EBEC21BB5C3200C4442B /* StudentsDetailTableViewController.swift */,
				54BF0CD321B5968C00AAB00B /* CoursesTableViewCell.swift */,
				54D221E221B0569800C12299 /* AddStudentTableViewController.swift */,
				5482E3B521B8478B008E6E32 /* AddClassroomTableViewController.swift */,
				7D67BD0521C1847C009B9F7E /* TeacherListViewController.swift */,
				54CD7B9421AC5DE500C28C6F /* MainTableViewController.swift */,
				54CD7B6D21AC5DD200C28C6F /* Assets.xcassets */,
				54CD7B6F21AC5DD200C28C6F /* LaunchScreen.storyboard */,
				54CD7B7221AC5DD200C28C6F /* Info.plist */,
			);
			path = Group2_Piotr_Szczepaniec;
			sourceTree = "<group>";
		};
		54CD7B7A21AC5DD200C28C6F /* Group2_Piotr_SzczepaniecTests */ = {
			isa = PBXGroup;
			children = (
				54CD7B7B21AC5DD200C28C6F /* Group2_Piotr_SzczepaniecTests.swift */,
				54CD7B7D21AC5DD200C28C6F /* Info.plist */,
			);
			path = Group2_Piotr_SzczepaniecTests;
			sourceTree = "<group>";
		};
		54CD7B8521AC5DD200C28C6F /* Group2_Piotr_SzczepaniecUITests */ = {
			isa = PBXGroup;
			children = (
				54CD7B8621AC5DD200C28C6F /* Group2_Piotr_SzczepaniecUITests.swift */,
				54CD7B8821AC5DD200C28C6F /* Info.plist */,
			);
			path = Group2_Piotr_SzczepaniecUITests;
			sourceTree = "<group>";
		};
		B64927132B90278392204516 /* Pods */ = {
			isa = PBXGroup;
			children = (
				936364600D8FCB87CCA00498 /* Pods-Group2_Piotr_Szczepaniec.debug.xcconfig */,
				6C7990B87F5C5A3D31873300 /* Pods-Group2_Piotr_Szczepaniec.release.xcconfig */,
				17F20D8F9749DB3651504B7E /* Pods-Group2_Piotr_SzczepaniecTests.debug.xcconfig */,
				75E619ED0223FBA0A674F32E /* Pods-Group2_Piotr_SzczepaniecTests.release.xcconfig */,
				DA50BC595AD077C3C0048EE2 /* Pods-Group2_Piotr_SzczepaniecUITests.debug.xcconfig */,
				464DD7836591A39129B49EDA /* Pods-Group2_Piotr_SzczepaniecUITests.release.xcconfig */,
			);
			name = Pods;
			sourceTree = "<group>";
		};
/* End PBXGroup section */

/* Begin PBXNativeTarget section */
		54CD7B6221AC5DD100C28C6F /* ServerSideAttendence */ = {
			isa = PBXNativeTarget;
			buildConfigurationList = 54CD7B8B21AC5DD200C28C6F /* Build configuration list for PBXNativeTarget "ServerSideAttendence" */;
			buildPhases = (
				EC695E98878F43627D50F284 /* [CP] Check Pods Manifest.lock */,
				54CD7B5F21AC5DD100C28C6F /* Sources */,
				54CD7B6021AC5DD100C28C6F /* Frameworks */,
				54CD7B6121AC5DD100C28C6F /* Resources */,
				488DDB41156C98E2AAC874A8 /* [CP] Embed Pods Frameworks */,
				7ED64CDAF42C0154FAC7C32A /* [CP] Copy Pods Resources */,
			);
			buildRules = (
			);
			dependencies = (
			);
			name = ServerSideAttendence;
			productName = Group2_Piotr_Szczepaniec;
			productReference = 54CD7B6321AC5DD100C28C6F /* ServerSideAttendence.app */;
			productType = "com.apple.product-type.application";
		};
		54CD7B7621AC5DD200C28C6F /* ServerSideAttendenceTests */ = {
			isa = PBXNativeTarget;
			buildConfigurationList = 54CD7B8E21AC5DD200C28C6F /* Build configuration list for PBXNativeTarget "ServerSideAttendenceTests" */;
			buildPhases = (
				098CD2F33C83E9C16C339228 /* [CP] Check Pods Manifest.lock */,
				54CD7B7321AC5DD200C28C6F /* Sources */,
				54CD7B7421AC5DD200C28C6F /* Frameworks */,
				54CD7B7521AC5DD200C28C6F /* Resources */,
			);
			buildRules = (
			);
			dependencies = (
				54CD7B7921AC5DD200C28C6F /* PBXTargetDependency */,
			);
			name = ServerSideAttendenceTests;
			productName = Group2_Piotr_SzczepaniecTests;
			productReference = 54CD7B7721AC5DD200C28C6F /* ServerSideAttendenceTests.xctest */;
			productType = "com.apple.product-type.bundle.unit-test";
		};
		54CD7B8121AC5DD200C28C6F /* ServerSideAttendenceUITests */ = {
			isa = PBXNativeTarget;
			buildConfigurationList = 54CD7B9121AC5DD200C28C6F /* Build configuration list for PBXNativeTarget "ServerSideAttendenceUITests" */;
			buildPhases = (
				4C19BCEF0384D278D629B645 /* [CP] Check Pods Manifest.lock */,
				54CD7B7E21AC5DD200C28C6F /* Sources */,
				54CD7B7F21AC5DD200C28C6F /* Frameworks */,
				54CD7B8021AC5DD200C28C6F /* Resources */,
			);
			buildRules = (
			);
			dependencies = (
				54CD7B8421AC5DD200C28C6F /* PBXTargetDependency */,
			);
			name = ServerSideAttendenceUITests;
			productName = Group2_Piotr_SzczepaniecUITests;
			productReference = 54CD7B8221AC5DD200C28C6F /* ServerSideAttendenceUITests.xctest */;
			productType = "com.apple.product-type.bundle.ui-testing";
		};
/* End PBXNativeTarget section */

/* Begin PBXProject section */
		54CD7B5B21AC5DD100C28C6F /* Project object */ = {
			isa = PBXProject;
			attributes = {
				LastSwiftUpdateCheck = 1000;
				LastUpgradeCheck = 1000;
				ORGANIZATIONNAME = "Period Three";
				TargetAttributes = {
					54CD7B6221AC5DD100C28C6F = {
						CreatedOnToolsVersion = 10.0;
					};
					54CD7B7621AC5DD200C28C6F = {
						CreatedOnToolsVersion = 10.0;
						TestTargetID = 54CD7B6221AC5DD100C28C6F;
					};
					54CD7B8121AC5DD200C28C6F = {
						CreatedOnToolsVersion = 10.0;
						TestTargetID = 54CD7B6221AC5DD100C28C6F;
					};
				};
			};
			buildConfigurationList = 54CD7B5E21AC5DD100C28C6F /* Build configuration list for PBXProject "ServerSideAttendence" */;
			compatibilityVersion = "Xcode 9.3";
			developmentRegion = en;
			hasScannedForEncodings = 0;
			knownRegions = (
				en,
				Base,
			);
			mainGroup = 54CD7B5A21AC5DD100C28C6F;
			productRefGroup = 54CD7B6421AC5DD100C28C6F /* Products */;
			projectDirPath = "";
			projectRoot = "";
			targets = (
				54CD7B6221AC5DD100C28C6F /* ServerSideAttendence */,
				54CD7B7621AC5DD200C28C6F /* ServerSideAttendenceTests */,
				54CD7B8121AC5DD200C28C6F /* ServerSideAttendenceUITests */,
			);
		};
/* End PBXProject section */

/* Begin PBXResourcesBuildPhase section */
		54CD7B6121AC5DD100C28C6F /* Resources */ = {
			isa = PBXResourcesBuildPhase;
			buildActionMask = 2147483647;
			files = (
				54CD7B7121AC5DD200C28C6F /* LaunchScreen.storyboard in Resources */,
				7D18D43221C2CC4E0070B207 /* GoogleService-Info.plist in Resources */,
				54CD7B6E21AC5DD200C28C6F /* Assets.xcassets in Resources */,
				54CD7B6C21AC5DD100C28C6F /* Main.storyboard in Resources */,
			);
			runOnlyForDeploymentPostprocessing = 0;
		};
		54CD7B7521AC5DD200C28C6F /* Resources */ = {
			isa = PBXResourcesBuildPhase;
			buildActionMask = 2147483647;
			files = (
			);
			runOnlyForDeploymentPostprocessing = 0;
		};
		54CD7B8021AC5DD200C28C6F /* Resources */ = {
			isa = PBXResourcesBuildPhase;
			buildActionMask = 2147483647;
			files = (
			);
			runOnlyForDeploymentPostprocessing = 0;
		};
/* End PBXResourcesBuildPhase section */

/* Begin PBXShellScriptBuildPhase section */
		098CD2F33C83E9C16C339228 /* [CP] Check Pods Manifest.lock */ = {
			isa = PBXShellScriptBuildPhase;
			buildActionMask = 2147483647;
			files = (
			);
			inputPaths = (
				"${PODS_PODFILE_DIR_PATH}/Podfile.lock",
				"${PODS_ROOT}/Manifest.lock",
			);
			name = "[CP] Check Pods Manifest.lock";
			outputPaths = (
				"$(DERIVED_FILE_DIR)/Pods-Group2_Piotr_SzczepaniecTests-checkManifestLockResult.txt",
			);
			runOnlyForDeploymentPostprocessing = 0;
			shellPath = /bin/sh;
			shellScript = "diff \"${PODS_PODFILE_DIR_PATH}/Podfile.lock\" \"${PODS_ROOT}/Manifest.lock\" > /dev/null\nif [ $? != 0 ] ; then\n    # print error to STDERR\n    echo \"error: The sandbox is not in sync with the Podfile.lock. Run 'pod install' or update your CocoaPods installation.\" >&2\n    exit 1\nfi\n# This output is used by Xcode 'outputs' to avoid re-running this script phase.\necho \"SUCCESS\" > \"${SCRIPT_OUTPUT_FILE_0}\"\n";
			showEnvVarsInLog = 0;
		};
		488DDB41156C98E2AAC874A8 /* [CP] Embed Pods Frameworks */ = {
			isa = PBXShellScriptBuildPhase;
			buildActionMask = 2147483647;
			files = (
			);
			inputPaths = (
				"${SRCROOT}/Pods/Target Support Files/Pods-Group2_Piotr_Szczepaniec/Pods-Group2_Piotr_Szczepaniec-frameworks.sh",
				"${BUILT_PRODUCTS_DIR}/AZExpandable/AZExpandable.framework",
				"${BUILT_PRODUCTS_DIR}/BoringSSL/openssl.framework",
				"${BUILT_PRODUCTS_DIR}/CodableFirebase/CodableFirebase.framework",
				"${BUILT_PRODUCTS_DIR}/DropDown/DropDown.framework",
				"${BUILT_PRODUCTS_DIR}/GTMSessionFetcher/GTMSessionFetcher.framework",
				"${BUILT_PRODUCTS_DIR}/GoogleUtilities/GoogleUtilities.framework",
				"${BUILT_PRODUCTS_DIR}/Protobuf/Protobuf.framework",
				"${BUILT_PRODUCTS_DIR}/gRPC/GRPCClient.framework",
				"${BUILT_PRODUCTS_DIR}/gRPC-C++/grpcpp.framework",
				"${BUILT_PRODUCTS_DIR}/gRPC-Core/grpc.framework",
				"${BUILT_PRODUCTS_DIR}/gRPC-ProtoRPC/ProtoRPC.framework",
				"${BUILT_PRODUCTS_DIR}/gRPC-RxLibrary/RxLibrary.framework",
				"${BUILT_PRODUCTS_DIR}/leveldb-library/leveldb.framework",
				"${BUILT_PRODUCTS_DIR}/nanopb/nanopb.framework",
			);
			name = "[CP] Embed Pods Frameworks";
			outputPaths = (
				"${TARGET_BUILD_DIR}/${FRAMEWORKS_FOLDER_PATH}/AZExpandable.framework",
				"${TARGET_BUILD_DIR}/${FRAMEWORKS_FOLDER_PATH}/openssl.framework",
				"${TARGET_BUILD_DIR}/${FRAMEWORKS_FOLDER_PATH}/CodableFirebase.framework",
				"${TARGET_BUILD_DIR}/${FRAMEWORKS_FOLDER_PATH}/DropDown.framework",
				"${TARGET_BUILD_DIR}/${FRAMEWORKS_FOLDER_PATH}/GTMSessionFetcher.framework",
				"${TARGET_BUILD_DIR}/${FRAMEWORKS_FOLDER_PATH}/GoogleUtilities.framework",
				"${TARGET_BUILD_DIR}/${FRAMEWORKS_FOLDER_PATH}/Protobuf.framework",
				"${TARGET_BUILD_DIR}/${FRAMEWORKS_FOLDER_PATH}/GRPCClient.framework",
				"${TARGET_BUILD_DIR}/${FRAMEWORKS_FOLDER_PATH}/grpcpp.framework",
				"${TARGET_BUILD_DIR}/${FRAMEWORKS_FOLDER_PATH}/grpc.framework",
				"${TARGET_BUILD_DIR}/${FRAMEWORKS_FOLDER_PATH}/ProtoRPC.framework",
				"${TARGET_BUILD_DIR}/${FRAMEWORKS_FOLDER_PATH}/RxLibrary.framework",
				"${TARGET_BUILD_DIR}/${FRAMEWORKS_FOLDER_PATH}/leveldb.framework",
				"${TARGET_BUILD_DIR}/${FRAMEWORKS_FOLDER_PATH}/nanopb.framework",
			);
			runOnlyForDeploymentPostprocessing = 0;
			shellPath = /bin/sh;
			shellScript = "\"${SRCROOT}/Pods/Target Support Files/Pods-Group2_Piotr_Szczepaniec/Pods-Group2_Piotr_Szczepaniec-frameworks.sh\"\n";
			showEnvVarsInLog = 0;
		};
		4C19BCEF0384D278D629B645 /* [CP] Check Pods Manifest.lock */ = {
			isa = PBXShellScriptBuildPhase;
			buildActionMask = 2147483647;
			files = (
			);
			inputPaths = (
				"${PODS_PODFILE_DIR_PATH}/Podfile.lock",
				"${PODS_ROOT}/Manifest.lock",
			);
			name = "[CP] Check Pods Manifest.lock";
			outputPaths = (
				"$(DERIVED_FILE_DIR)/Pods-Group2_Piotr_SzczepaniecUITests-checkManifestLockResult.txt",
			);
			runOnlyForDeploymentPostprocessing = 0;
			shellPath = /bin/sh;
			shellScript = "diff \"${PODS_PODFILE_DIR_PATH}/Podfile.lock\" \"${PODS_ROOT}/Manifest.lock\" > /dev/null\nif [ $? != 0 ] ; then\n    # print error to STDERR\n    echo \"error: The sandbox is not in sync with the Podfile.lock. Run 'pod install' or update your CocoaPods installation.\" >&2\n    exit 1\nfi\n# This output is used by Xcode 'outputs' to avoid re-running this script phase.\necho \"SUCCESS\" > \"${SCRIPT_OUTPUT_FILE_0}\"\n";
			showEnvVarsInLog = 0;
		};
		7ED64CDAF42C0154FAC7C32A /* [CP] Copy Pods Resources */ = {
			isa = PBXShellScriptBuildPhase;
			buildActionMask = 2147483647;
			files = (
			);
			inputPaths = (
				"${SRCROOT}/Pods/Target Support Files/Pods-Group2_Piotr_Szczepaniec/Pods-Group2_Piotr_Szczepaniec-resources.sh",
				"${PODS_CONFIGURATION_BUILD_DIR}/FirebaseUI/FirebaseAuthUI.bundle",
			);
			name = "[CP] Copy Pods Resources";
			outputPaths = (
				"${TARGET_BUILD_DIR}/${UNLOCALIZED_RESOURCES_FOLDER_PATH}/FirebaseAuthUI.bundle",
			);
			runOnlyForDeploymentPostprocessing = 0;
			shellPath = /bin/sh;
			shellScript = "\"${SRCROOT}/Pods/Target Support Files/Pods-Group2_Piotr_Szczepaniec/Pods-Group2_Piotr_Szczepaniec-resources.sh\"\n";
			showEnvVarsInLog = 0;
		};
		EC695E98878F43627D50F284 /* [CP] Check Pods Manifest.lock */ = {
			isa = PBXShellScriptBuildPhase;
			buildActionMask = 2147483647;
			files = (
			);
			inputPaths = (
				"${PODS_PODFILE_DIR_PATH}/Podfile.lock",
				"${PODS_ROOT}/Manifest.lock",
			);
			name = "[CP] Check Pods Manifest.lock";
			outputPaths = (
				"$(DERIVED_FILE_DIR)/Pods-Group2_Piotr_Szczepaniec-checkManifestLockResult.txt",
			);
			runOnlyForDeploymentPostprocessing = 0;
			shellPath = /bin/sh;
			shellScript = "diff \"${PODS_PODFILE_DIR_PATH}/Podfile.lock\" \"${PODS_ROOT}/Manifest.lock\" > /dev/null\nif [ $? != 0 ] ; then\n    # print error to STDERR\n    echo \"error: The sandbox is not in sync with the Podfile.lock. Run 'pod install' or update your CocoaPods installation.\" >&2\n    exit 1\nfi\n# This output is used by Xcode 'outputs' to avoid re-running this script phase.\necho \"SUCCESS\" > \"${SCRIPT_OUTPUT_FILE_0}\"\n";
			showEnvVarsInLog = 0;
		};
/* End PBXShellScriptBuildPhase section */

/* Begin PBXSourcesBuildPhase section */
		54CD7B5F21AC5DD100C28C6F /* Sources */ = {
			isa = PBXSourcesBuildPhase;
			buildActionMask = 2147483647;
			files = (
				AE59EBED21BB5C3200C4442B /* StudentsDetailTableViewController.swift in Sources */,
				5494298C21B99EC000421A48 /* class.swift in Sources */,
				54BF0CD421B5968C00AAB00B /* CoursesTableViewCell.swift in Sources */,
				5494298B21B99EBC00421A48 /* studentList.swift in Sources */,
				54FC11ED21BED86700008FFF /* AddDetailsTableViewController.swift in Sources */,
				54BF0CD621B5ABB800AAB00B /* StudentTableViewController.swift in Sources */,
				54CD7B6921AC5DD100C28C6F /* ViewController.swift in Sources */,
				AE59EBEB21BB587E00C4442B /* AttendenceHistoryTableViewController.swift in Sources */,
				5494298A21B99EB700421A48 /* AttendenceHistory.swift in Sources */,
				54D221E321B0569800C12299 /* AddStudentTableViewController.swift in Sources */,
				549FABB421C80B1300B81059 /* AttendancesTableViewCell.swift in Sources */,
				54CD7B9521AC5DE500C28C6F /* MainTableViewController.swift in Sources */,
				54CD7B6721AC5DD100C28C6F /* AppDelegate.swift in Sources */,
				54BF0CD821B5ABE400AAB00B /* StudentTableViewCell.swift in Sources */,
				5494298D21B99EC300421A48 /* student.swift in Sources */,
				7D67BD0621C1847C009B9F7E /* TeacherListViewController.swift in Sources */,
				5482E3B621B8478B008E6E32 /* AddClassroomTableViewController.swift in Sources */,
				5494298921B99EB400421A48 /* teacher.swift in Sources */,
			);
			runOnlyForDeploymentPostprocessing = 0;
		};
		54CD7B7321AC5DD200C28C6F /* Sources */ = {
			isa = PBXSourcesBuildPhase;
			buildActionMask = 2147483647;
			files = (
				54CD7B7C21AC5DD200C28C6F /* Group2_Piotr_SzczepaniecTests.swift in Sources */,
			);
			runOnlyForDeploymentPostprocessing = 0;
		};
		54CD7B7E21AC5DD200C28C6F /* Sources */ = {
			isa = PBXSourcesBuildPhase;
			buildActionMask = 2147483647;
			files = (
				54CD7B8721AC5DD200C28C6F /* Group2_Piotr_SzczepaniecUITests.swift in Sources */,
			);
			runOnlyForDeploymentPostprocessing = 0;
		};
/* End PBXSourcesBuildPhase section */

/* Begin PBXTargetDependency section */
		54CD7B7921AC5DD200C28C6F /* PBXTargetDependency */ = {
			isa = PBXTargetDependency;
			target = 54CD7B6221AC5DD100C28C6F /* ServerSideAttendence */;
			targetProxy = 54CD7B7821AC5DD200C28C6F /* PBXContainerItemProxy */;
		};
		54CD7B8421AC5DD200C28C6F /* PBXTargetDependency */ = {
			isa = PBXTargetDependency;
			target = 54CD7B6221AC5DD100C28C6F /* ServerSideAttendence */;
			targetProxy = 54CD7B8321AC5DD200C28C6F /* PBXContainerItemProxy */;
		};
/* End PBXTargetDependency section */

/* Begin PBXVariantGroup section */
		54CD7B6A21AC5DD100C28C6F /* Main.storyboard */ = {
			isa = PBXVariantGroup;
			children = (
				54CD7B6B21AC5DD100C28C6F /* Base */,
			);
			name = Main.storyboard;
			sourceTree = "<group>";
		};
		54CD7B6F21AC5DD200C28C6F /* LaunchScreen.storyboard */ = {
			isa = PBXVariantGroup;
			children = (
				54CD7B7021AC5DD200C28C6F /* Base */,
			);
			name = LaunchScreen.storyboard;
			sourceTree = "<group>";
		};
/* End PBXVariantGroup section */

/* Begin XCBuildConfiguration section */
		54CD7B8921AC5DD200C28C6F /* Debug */ = {
			isa = XCBuildConfiguration;
			buildSettings = {
				ALWAYS_SEARCH_USER_PATHS = NO;
				CLANG_ANALYZER_NONNULL = YES;
				CLANG_ANALYZER_NUMBER_OBJECT_CONVERSION = YES_AGGRESSIVE;
				CLANG_CXX_LANGUAGE_STANDARD = "gnu++14";
				CLANG_CXX_LIBRARY = "libc++";
				CLANG_ENABLE_MODULES = YES;
				CLANG_ENABLE_OBJC_ARC = YES;
				CLANG_ENABLE_OBJC_WEAK = YES;
				CLANG_WARN_BLOCK_CAPTURE_AUTORELEASING = YES;
				CLANG_WARN_BOOL_CONVERSION = YES;
				CLANG_WARN_COMMA = YES;
				CLANG_WARN_CONSTANT_CONVERSION = YES;
				CLANG_WARN_DEPRECATED_OBJC_IMPLEMENTATIONS = YES;
				CLANG_WARN_DIRECT_OBJC_ISA_USAGE = YES_ERROR;
				CLANG_WARN_DOCUMENTATION_COMMENTS = YES;
				CLANG_WARN_EMPTY_BODY = YES;
				CLANG_WARN_ENUM_CONVERSION = YES;
				CLANG_WARN_INFINITE_RECURSION = YES;
				CLANG_WARN_INT_CONVERSION = YES;
				CLANG_WARN_NON_LITERAL_NULL_CONVERSION = YES;
				CLANG_WARN_OBJC_IMPLICIT_RETAIN_SELF = YES;
				CLANG_WARN_OBJC_LITERAL_CONVERSION = YES;
				CLANG_WARN_OBJC_ROOT_CLASS = YES_ERROR;
				CLANG_WARN_RANGE_LOOP_ANALYSIS = YES;
				CLANG_WARN_STRICT_PROTOTYPES = YES;
				CLANG_WARN_SUSPICIOUS_MOVE = YES;
				CLANG_WARN_UNGUARDED_AVAILABILITY = YES_AGGRESSIVE;
				CLANG_WARN_UNREACHABLE_CODE = YES;
				CLANG_WARN__DUPLICATE_METHOD_MATCH = YES;
				CODE_SIGN_IDENTITY = "iPhone Developer";
				COPY_PHASE_STRIP = NO;
				DEBUG_INFORMATION_FORMAT = dwarf;
				ENABLE_STRICT_OBJC_MSGSEND = YES;
				ENABLE_TESTABILITY = YES;
				GCC_C_LANGUAGE_STANDARD = gnu11;
				GCC_DYNAMIC_NO_PIC = NO;
				GCC_NO_COMMON_BLOCKS = YES;
				GCC_OPTIMIZATION_LEVEL = 0;
				GCC_PREPROCESSOR_DEFINITIONS = (
					"DEBUG=1",
					"$(inherited)",
				);
				GCC_WARN_64_TO_32_BIT_CONVERSION = YES;
				GCC_WARN_ABOUT_RETURN_TYPE = YES_ERROR;
				GCC_WARN_UNDECLARED_SELECTOR = YES;
				GCC_WARN_UNINITIALIZED_AUTOS = YES_AGGRESSIVE;
				GCC_WARN_UNUSED_FUNCTION = YES;
				GCC_WARN_UNUSED_VARIABLE = YES;
				IPHONEOS_DEPLOYMENT_TARGET = 12.0;
				MTL_ENABLE_DEBUG_INFO = INCLUDE_SOURCE;
				MTL_FAST_MATH = YES;
				ONLY_ACTIVE_ARCH = YES;
				SDKROOT = iphoneos;
				SWIFT_ACTIVE_COMPILATION_CONDITIONS = DEBUG;
				SWIFT_OPTIMIZATION_LEVEL = "-Onone";
			};
			name = Debug;
		};
		54CD7B8A21AC5DD200C28C6F /* Release */ = {
			isa = XCBuildConfiguration;
			buildSettings = {
				ALWAYS_SEARCH_USER_PATHS = NO;
				CLANG_ANALYZER_NONNULL = YES;
				CLANG_ANALYZER_NUMBER_OBJECT_CONVERSION = YES_AGGRESSIVE;
				CLANG_CXX_LANGUAGE_STANDARD = "gnu++14";
				CLANG_CXX_LIBRARY = "libc++";
				CLANG_ENABLE_MODULES = YES;
				CLANG_ENABLE_OBJC_ARC = YES;
				CLANG_ENABLE_OBJC_WEAK = YES;
				CLANG_WARN_BLOCK_CAPTURE_AUTORELEASING = YES;
				CLANG_WARN_BOOL_CONVERSION = YES;
				CLANG_WARN_COMMA = YES;
				CLANG_WARN_CONSTANT_CONVERSION = YES;
				CLANG_WARN_DEPRECATED_OBJC_IMPLEMENTATIONS = YES;
				CLANG_WARN_DIRECT_OBJC_ISA_USAGE = YES_ERROR;
				CLANG_WARN_DOCUMENTATION_COMMENTS = YES;
				CLANG_WARN_EMPTY_BODY = YES;
				CLANG_WARN_ENUM_CONVERSION = YES;
				CLANG_WARN_INFINITE_RECURSION = YES;
				CLANG_WARN_INT_CONVERSION = YES;
				CLANG_WARN_NON_LITERAL_NULL_CONVERSION = YES;
				CLANG_WARN_OBJC_IMPLICIT_RETAIN_SELF = YES;
				CLANG_WARN_OBJC_LITERAL_CONVERSION = YES;
				CLANG_WARN_OBJC_ROOT_CLASS = YES_ERROR;
				CLANG_WARN_RANGE_LOOP_ANALYSIS = YES;
				CLANG_WARN_STRICT_PROTOTYPES = YES;
				CLANG_WARN_SUSPICIOUS_MOVE = YES;
				CLANG_WARN_UNGUARDED_AVAILABILITY = YES_AGGRESSIVE;
				CLANG_WARN_UNREACHABLE_CODE = YES;
				CLANG_WARN__DUPLICATE_METHOD_MATCH = YES;
				CODE_SIGN_IDENTITY = "iPhone Developer";
				COPY_PHASE_STRIP = NO;
				DEBUG_INFORMATION_FORMAT = "dwarf-with-dsym";
				ENABLE_NS_ASSERTIONS = NO;
				ENABLE_STRICT_OBJC_MSGSEND = YES;
				GCC_C_LANGUAGE_STANDARD = gnu11;
				GCC_NO_COMMON_BLOCKS = YES;
				GCC_WARN_64_TO_32_BIT_CONVERSION = YES;
				GCC_WARN_ABOUT_RETURN_TYPE = YES_ERROR;
				GCC_WARN_UNDECLARED_SELECTOR = YES;
				GCC_WARN_UNINITIALIZED_AUTOS = YES_AGGRESSIVE;
				GCC_WARN_UNUSED_FUNCTION = YES;
				GCC_WARN_UNUSED_VARIABLE = YES;
				IPHONEOS_DEPLOYMENT_TARGET = 12.0;
				MTL_ENABLE_DEBUG_INFO = NO;
				MTL_FAST_MATH = YES;
				SDKROOT = iphoneos;
				SWIFT_COMPILATION_MODE = wholemodule;
				SWIFT_OPTIMIZATION_LEVEL = "-O";
				VALIDATE_PRODUCT = YES;
			};
			name = Release;
		};
		54CD7B8C21AC5DD200C28C6F /* Debug */ = {
			isa = XCBuildConfiguration;
			baseConfigurationReference = 936364600D8FCB87CCA00498 /* Pods-Group2_Piotr_Szczepaniec.debug.xcconfig */;
			buildSettings = {
				ASSETCATALOG_COMPILER_APPICON_NAME = AppIcon;
				CODE_SIGN_STYLE = Automatic;
				DEVELOPMENT_TEAM = 8DZ9Y5FRKK;
				INFOPLIST_FILE = Group2_Piotr_Szczepaniec/Info.plist;
				LD_RUNPATH_SEARCH_PATHS = (
					"$(inherited)",
					"@executable_path/Frameworks",
				);
				PRODUCT_BUNDLE_IDENTIFIER = club.skylove.ServerSideAttendence;
				PRODUCT_NAME = "$(TARGET_NAME)";
				SWIFT_VERSION = 4.2;
				TARGETED_DEVICE_FAMILY = "1,2";
			};
			name = Debug;
		};
		54CD7B8D21AC5DD200C28C6F /* Release */ = {
			isa = XCBuildConfiguration;
			baseConfigurationReference = 6C7990B87F5C5A3D31873300 /* Pods-Group2_Piotr_Szczepaniec.release.xcconfig */;
			buildSettings = {
				ASSETCATALOG_COMPILER_APPICON_NAME = AppIcon;
				CODE_SIGN_STYLE = Automatic;
				DEVELOPMENT_TEAM = 8DZ9Y5FRKK;
				INFOPLIST_FILE = Group2_Piotr_Szczepaniec/Info.plist;
				LD_RUNPATH_SEARCH_PATHS = (
					"$(inherited)",
					"@executable_path/Frameworks",
				);
				PRODUCT_BUNDLE_IDENTIFIER = club.skylove.ServerSideAttendence;
				PRODUCT_NAME = "$(TARGET_NAME)";
				SWIFT_VERSION = 4.2;
				TARGETED_DEVICE_FAMILY = "1,2";
			};
			name = Release;
		};
		54CD7B8F21AC5DD200C28C6F /* Debug */ = {
			isa = XCBuildConfiguration;
			baseConfigurationReference = 17F20D8F9749DB3651504B7E /* Pods-Group2_Piotr_SzczepaniecTests.debug.xcconfig */;
			buildSettings = {
				ALWAYS_EMBED_SWIFT_STANDARD_LIBRARIES = YES;
				BUNDLE_LOADER = "$(TEST_HOST)";
				CODE_SIGN_STYLE = Automatic;
				INFOPLIST_FILE = Group2_Piotr_SzczepaniecTests/Info.plist;
				LD_RUNPATH_SEARCH_PATHS = (
					"$(inherited)",
					"@executable_path/Frameworks",
					"@loader_path/Frameworks",
				);
				PRODUCT_BUNDLE_IDENTIFIER = "period-3.Group2-Piotr-SzczepaniecTests";
				PRODUCT_NAME = "$(TARGET_NAME)";
				SWIFT_VERSION = 4.2;
				TARGETED_DEVICE_FAMILY = "1,2";
				TEST_HOST = "$(BUILT_PRODUCTS_DIR)/ServerSideAttendence.app/ServerSideAttendence";
			};
			name = Debug;
		};
		54CD7B9021AC5DD200C28C6F /* Release */ = {
			isa = XCBuildConfiguration;
			baseConfigurationReference = 75E619ED0223FBA0A674F32E /* Pods-Group2_Piotr_SzczepaniecTests.release.xcconfig */;
			buildSettings = {
				ALWAYS_EMBED_SWIFT_STANDARD_LIBRARIES = YES;
				BUNDLE_LOADER = "$(TEST_HOST)";
				CODE_SIGN_STYLE = Automatic;
				INFOPLIST_FILE = Group2_Piotr_SzczepaniecTests/Info.plist;
				LD_RUNPATH_SEARCH_PATHS = (
					"$(inherited)",
					"@executable_path/Frameworks",
					"@loader_path/Frameworks",
				);
				PRODUCT_BUNDLE_IDENTIFIER = "period-3.Group2-Piotr-SzczepaniecTests";
				PRODUCT_NAME = "$(TARGET_NAME)";
				SWIFT_VERSION = 4.2;
				TARGETED_DEVICE_FAMILY = "1,2";
				TEST_HOST = "$(BUILT_PRODUCTS_DIR)/ServerSideAttendence.app/ServerSideAttendence";
			};
			name = Release;
		};
		54CD7B9221AC5DD200C28C6F /* Debug */ = {
			isa = XCBuildConfiguration;
			baseConfigurationReference = DA50BC595AD077C3C0048EE2 /* Pods-Group2_Piotr_SzczepaniecUITests.debug.xcconfig */;
			buildSettings = {
				ALWAYS_EMBED_SWIFT_STANDARD_LIBRARIES = YES;
				CODE_SIGN_STYLE = Automatic;
				INFOPLIST_FILE = Group2_Piotr_SzczepaniecUITests/Info.plist;
				LD_RUNPATH_SEARCH_PATHS = (
					"$(inherited)",
					"@executable_path/Frameworks",
					"@loader_path/Frameworks",
				);
				PRODUCT_BUNDLE_IDENTIFIER = "period-3.Group2-Piotr-SzczepaniecUITests";
				PRODUCT_NAME = "$(TARGET_NAME)";
				SWIFT_VERSION = 4.2;
				TARGETED_DEVICE_FAMILY = "1,2";
				TEST_TARGET_NAME = Group2_Piotr_Szczepaniec;
			};
			name = Debug;
		};
		54CD7B9321AC5DD200C28C6F /* Release */ = {
			isa = XCBuildConfiguration;
			baseConfigurationReference = 464DD7836591A39129B49EDA /* Pods-Group2_Piotr_SzczepaniecUITests.release.xcconfig */;
			buildSettings = {
				ALWAYS_EMBED_SWIFT_STANDARD_LIBRARIES = YES;
				CODE_SIGN_STYLE = Automatic;
				INFOPLIST_FILE = Group2_Piotr_SzczepaniecUITests/Info.plist;
				LD_RUNPATH_SEARCH_PATHS = (
					"$(inherited)",
					"@executable_path/Frameworks",
					"@loader_path/Frameworks",
				);
				PRODUCT_BUNDLE_IDENTIFIER = "period-3.Group2-Piotr-SzczepaniecUITests";
				PRODUCT_NAME = "$(TARGET_NAME)";
				SWIFT_VERSION = 4.2;
				TARGETED_DEVICE_FAMILY = "1,2";
				TEST_TARGET_NAME = Group2_Piotr_Szczepaniec;
			};
			name = Release;
		};
/* End XCBuildConfiguration section */

/* Begin XCConfigurationList section */
		54CD7B5E21AC5DD100C28C6F /* Build configuration list for PBXProject "ServerSideAttendence" */ = {
			isa = XCConfigurationList;
			buildConfigurations = (
				54CD7B8921AC5DD200C28C6F /* Debug */,
				54CD7B8A21AC5DD200C28C6F /* Release */,
			);
			defaultConfigurationIsVisible = 0;
			defaultConfigurationName = Release;
		};
		54CD7B8B21AC5DD200C28C6F /* Build configuration list for PBXNativeTarget "ServerSideAttendence" */ = {
			isa = XCConfigurationList;
			buildConfigurations = (
				54CD7B8C21AC5DD200C28C6F /* Debug */,
				54CD7B8D21AC5DD200C28C6F /* Release */,
			);
			defaultConfigurationIsVisible = 0;
			defaultConfigurationName = Release;
		};
		54CD7B8E21AC5DD200C28C6F /* Build configuration list for PBXNativeTarget "ServerSideAttendenceTests" */ = {
			isa = XCConfigurationList;
			buildConfigurations = (
				54CD7B8F21AC5DD200C28C6F /* Debug */,
				54CD7B9021AC5DD200C28C6F /* Release */,
			);
			defaultConfigurationIsVisible = 0;
			defaultConfigurationName = Release;
		};
		54CD7B9121AC5DD200C28C6F /* Build configuration list for PBXNativeTarget "ServerSideAttendenceUITests" */ = {
			isa = XCConfigurationList;
			buildConfigurations = (
				54CD7B9221AC5DD200C28C6F /* Debug */,
				54CD7B9321AC5DD200C28C6F /* Release */,
			);
			defaultConfigurationIsVisible = 0;
			defaultConfigurationName = Release;
		};
/* End XCConfigurationList section */
	};
	rootObject = 54CD7B5B21AC5DD100C28C6F /* Project object */;
}
